// !$*UTF8*$!
{
	archiveVersion = 1;
	classes = {
	};
	objectVersion = 50;
	objects = {

/* Begin PBXBuildFile section */
		840B51BB212DD69500071D43 /* Profile.storyboard in Resources */ = {isa = PBXBuildFile; fileRef = 840B51B9212DD69500071D43 /* Profile.storyboard */; };
		840B51BF212DDC3C00071D43 /* ProfileViewController.swift in Sources */ = {isa = PBXBuildFile; fileRef = 840B51BE212DDC3C00071D43 /* ProfileViewController.swift */; };
		840B51C1212DE37900071D43 /* JYBounceHeader.swift in Sources */ = {isa = PBXBuildFile; fileRef = 840B51C0212DE37900071D43 /* JYBounceHeader.swift */; };
		840B51C4212DF75E00071D43 /* ConnectisCollectionViewCell.swift in Sources */ = {isa = PBXBuildFile; fileRef = 840B51C3212DF75E00071D43 /* ConnectisCollectionViewCell.swift */; };
		840B51C6212E015400071D43 /* ProfileEditViewController.swift in Sources */ = {isa = PBXBuildFile; fileRef = 840B51C5212E015400071D43 /* ProfileEditViewController.swift */; };
		840B51C8212E20DE00071D43 /* EditProfilePhotoViewController.swift in Sources */ = {isa = PBXBuildFile; fileRef = 840B51C7212E20DE00071D43 /* EditProfilePhotoViewController.swift */; };
		840B51CA212E21F900071D43 /* KACircleCropCutterView.swift in Sources */ = {isa = PBXBuildFile; fileRef = 840B51C9212E21F900071D43 /* KACircleCropCutterView.swift */; };
		840B51D6212E334100071D43 /* GroupsViewController.swift in Sources */ = {isa = PBXBuildFile; fileRef = 840B51D3212E334100071D43 /* GroupsViewController.swift */; };
		840B51D7212E334100071D43 /* FollowersViewController.swift in Sources */ = {isa = PBXBuildFile; fileRef = 840B51D4212E334100071D43 /* FollowersViewController.swift */; };
		840B51D8212E334100071D43 /* FollowingViewController.swift in Sources */ = {isa = PBXBuildFile; fileRef = 840B51D5212E334100071D43 /* FollowingViewController.swift */; };
		840B51DA212E33F900071D43 /* ConnectionsViewController.swift in Sources */ = {isa = PBXBuildFile; fileRef = 840B51D9212E33F900071D43 /* ConnectionsViewController.swift */; };
		840B51E1212E3FA900071D43 /* LICENSE in Resources */ = {isa = PBXBuildFile; fileRef = 840B51DC212E3FA800071D43 /* LICENSE */; };
		840B51E2212E3FA900071D43 /* README.md in Resources */ = {isa = PBXBuildFile; fileRef = 840B51DD212E3FA800071D43 /* README.md */; };
		840B51E3212E3FA900071D43 /* SCTableIndex.swift in Sources */ = {isa = PBXBuildFile; fileRef = 840B51E0212E3FA800071D43 /* SCTableIndex.swift */; };
		840B51E5212E422C00071D43 /* FollowingTableViewCell.swift in Sources */ = {isa = PBXBuildFile; fileRef = 840B51E4212E422C00071D43 /* FollowingTableViewCell.swift */; };
		840B51E7212E471800071D43 /* ConnectionsHeader.xib in Resources */ = {isa = PBXBuildFile; fileRef = 840B51E6212E471800071D43 /* ConnectionsHeader.xib */; };
		840B51EB212E485200071D43 /* ConnectionsHeader.swift in Sources */ = {isa = PBXBuildFile; fileRef = 840B51EA212E485200071D43 /* ConnectionsHeader.swift */; };
		8420255C212C44900050B5C8 /* RepeatWeekDaysViewController.swift in Sources */ = {isa = PBXBuildFile; fileRef = 8420255B212C44900050B5C8 /* RepeatWeekDaysViewController.swift */; };
		8420255F212C48EC0050B5C8 /* RepeatMonthDaysViewController.swift in Sources */ = {isa = PBXBuildFile; fileRef = 8420255E212C48EC0050B5C8 /* RepeatMonthDaysViewController.swift */; };
		84202561212C53C30050B5C8 /* CustomPicker.swift in Sources */ = {isa = PBXBuildFile; fileRef = 84202560212C53C30050B5C8 /* CustomPicker.swift */; };
		84202564212C59AC0050B5C8 /* AddHostsViewController.swift in Sources */ = {isa = PBXBuildFile; fileRef = 84202563212C59AC0050B5C8 /* AddHostsViewController.swift */; };
		84202567212C656B0050B5C8 /* HostItemTableViewCell.swift in Sources */ = {isa = PBXBuildFile; fileRef = 84202566212C656B0050B5C8 /* HostItemTableViewCell.swift */; };
		8420256A212C7B410050B5C8 /* AddInviteViewController.swift in Sources */ = {isa = PBXBuildFile; fileRef = 84202569212C7B410050B5C8 /* AddInviteViewController.swift */; };
		84202607212CC9F50050B5C8 /* ChatViewController.swift in Sources */ = {isa = PBXBuildFile; fileRef = 84202606212CC9F50050B5C8 /* ChatViewController.swift */; };
		8436145D212861F100760765 /* BaseTabbarViewController.swift in Sources */ = {isa = PBXBuildFile; fileRef = 8436145C212861F100760765 /* BaseTabbarViewController.swift */; };
		8436145F2128647E00760765 /* SigninViewController.swift in Sources */ = {isa = PBXBuildFile; fileRef = 8436145E2128647E00760765 /* SigninViewController.swift */; };
		843614632128A09B00760765 /* EventHostHeaderTableViewCell.swift in Sources */ = {isa = PBXBuildFile; fileRef = 843614622128A09B00760765 /* EventHostHeaderTableViewCell.swift */; };
		843614662128E02500760765 /* EventHostViewController.swift in Sources */ = {isa = PBXBuildFile; fileRef = 843614652128E02500760765 /* EventHostViewController.swift */; };
		843614692128E97100760765 /* HeaderReusableView.swift in Sources */ = {isa = PBXBuildFile; fileRef = 843614682128E97100760765 /* HeaderReusableView.swift */; };
		8436146C2128FA0800760765 /* BMUIViewController.swift in Sources */ = {isa = PBXBuildFile; fileRef = 8436146B2128FA0700760765 /* BMUIViewController.swift */; };
		8436146E2128FB6B00760765 /* EventTImeCell.swift in Sources */ = {isa = PBXBuildFile; fileRef = 8436146D2128FB6B00760765 /* EventTImeCell.swift */; };
		8436146F2129037000760765 /* Montserrat-Bold.otf in Resources */ = {isa = PBXBuildFile; fileRef = 8497F2072127526800C7AC7F /* Montserrat-Bold.otf */; };
		843614702129037000760765 /* Montserrat-Light.otf in Resources */ = {isa = PBXBuildFile; fileRef = 8436146A2128F85000760765 /* Montserrat-Light.otf */; };
		843614712129037000760765 /* Montserrat-Regular.otf in Resources */ = {isa = PBXBuildFile; fileRef = 8497F2062127518F00C7AC7F /* Montserrat-Regular.otf */; };
		84361473212904C000760765 /* EventTitleCell.swift in Sources */ = {isa = PBXBuildFile; fileRef = 84361472212904C000760765 /* EventTitleCell.swift */; };
		8436147521290AE300760765 /* GoingTableViewCell.swift in Sources */ = {isa = PBXBuildFile; fileRef = 8436147421290AE300760765 /* GoingTableViewCell.swift */; };
		843614772129175300760765 /* EventCalendarCell.swift in Sources */ = {isa = PBXBuildFile; fileRef = 843614762129175300760765 /* EventCalendarCell.swift */; };
		843614792129185E00760765 /* EventLocationCell.swift in Sources */ = {isa = PBXBuildFile; fileRef = 843614782129185E00760765 /* EventLocationCell.swift */; };
		8436147B21291F9100760765 /* MapTableViewCell.swift in Sources */ = {isa = PBXBuildFile; fileRef = 8436147A21291F9100760765 /* MapTableViewCell.swift */; };
		8436147D212999F400760765 /* HostedbyCell.swift in Sources */ = {isa = PBXBuildFile; fileRef = 8436147C212999F400760765 /* HostedbyCell.swift */; };
		8436147F21299E4C00760765 /* EventDescriptionCell.swift in Sources */ = {isa = PBXBuildFile; fileRef = 8436147E21299E4C00760765 /* EventDescriptionCell.swift */; };
		843614812129A27800760765 /* GoingPeopleCollectionViewCell.swift in Sources */ = {isa = PBXBuildFile; fileRef = 843614802129A27800760765 /* GoingPeopleCollectionViewCell.swift */; };
		843614832129A44C00760765 /* GoingPeopleTableViewCell.swift in Sources */ = {isa = PBXBuildFile; fileRef = 843614822129A44C00760765 /* GoingPeopleTableViewCell.swift */; };
		843614852129BEFA00760765 /* EventMoreTableViewCell.swift in Sources */ = {isa = PBXBuildFile; fileRef = 843614842129BEFA00760765 /* EventMoreTableViewCell.swift */; };
		843614872129BFE300760765 /* MoreItemCell.swift in Sources */ = {isa = PBXBuildFile; fileRef = 843614862129BFE300760765 /* MoreItemCell.swift */; };
		8436148A2129D6BF00760765 /* EventEditViewController.swift in Sources */ = {isa = PBXBuildFile; fileRef = 843614892129D6BF00760765 /* EventEditViewController.swift */; };
		8436148D2129E15500760765 /* AddHeaderPhotoCell.swift in Sources */ = {isa = PBXBuildFile; fileRef = 8436148C2129E15500760765 /* AddHeaderPhotoCell.swift */; };
		8436148F2129E4A000760765 /* EventPhotoCell.swift in Sources */ = {isa = PBXBuildFile; fileRef = 8436148E2129E4A000760765 /* EventPhotoCell.swift */; };
		843614912129F30A00760765 /* TitleCell.swift in Sources */ = {isa = PBXBuildFile; fileRef = 843614902129F30A00760765 /* TitleCell.swift */; };
		843614972129F4C000760765 /* TPKeyboardAvoidingSwift.swift in Sources */ = {isa = PBXBuildFile; fileRef = 843614962129F4C000760765 /* TPKeyboardAvoidingSwift.swift */; };
		84361499212A0D1F00760765 /* AddressCell.swift in Sources */ = {isa = PBXBuildFile; fileRef = 84361498212A0D1F00760765 /* AddressCell.swift */; };
		8436149B212A191900760765 /* AllDayCell.swift in Sources */ = {isa = PBXBuildFile; fileRef = 8436149A212A191900760765 /* AllDayCell.swift */; };
		8436149D212A1F5100760765 /* StartsCell.swift in Sources */ = {isa = PBXBuildFile; fileRef = 8436149C212A1F5100760765 /* StartsCell.swift */; };
		8436149F212A32A900760765 /* DurationCell.swift in Sources */ = {isa = PBXBuildFile; fileRef = 8436149E212A32A900760765 /* DurationCell.swift */; };
		843614A2212A43E000760765 /* TimePickerView.swift in Sources */ = {isa = PBXBuildFile; fileRef = 843614A1212A43E000760765 /* TimePickerView.swift */; };
		843614A5212A694300760765 /* RepeatCell.swift in Sources */ = {isa = PBXBuildFile; fileRef = 843614A4212A694300760765 /* RepeatCell.swift */; };
		843614A7212A6B9700760765 /* HostCell.swift in Sources */ = {isa = PBXBuildFile; fileRef = 843614A6212A6B9700760765 /* HostCell.swift */; };
		843614AA212A71A200760765 /* DescriptionCell.swift in Sources */ = {isa = PBXBuildFile; fileRef = 843614A9212A71A200760765 /* DescriptionCell.swift */; };
		843614AC212AF2D200760765 /* InviteCell.swift in Sources */ = {isa = PBXBuildFile; fileRef = 843614AB212AF2D200760765 /* InviteCell.swift */; };
		843614AE212AF50800760765 /* PrivateCell.swift in Sources */ = {isa = PBXBuildFile; fileRef = 843614AD212AF50800760765 /* PrivateCell.swift */; };
		843614B0212AF6B400760765 /* AllowCell.swift in Sources */ = {isa = PBXBuildFile; fileRef = 843614AF212AF6B400760765 /* AllowCell.swift */; };
		843614B2212AF85600760765 /* SavebuttonCell.swift in Sources */ = {isa = PBXBuildFile; fileRef = 843614B1212AF85600760765 /* SavebuttonCell.swift */; };
		8497F1C92123DD9600C7AC7F /* AppDelegate.swift in Sources */ = {isa = PBXBuildFile; fileRef = 8497F1C82123DD9600C7AC7F /* AppDelegate.swift */; };
		8497F1CB2123DD9600C7AC7F /* SplashViewController.swift in Sources */ = {isa = PBXBuildFile; fileRef = 8497F1CA2123DD9600C7AC7F /* SplashViewController.swift */; };
		8497F1CE2123DD9600C7AC7F /* Main.storyboard in Resources */ = {isa = PBXBuildFile; fileRef = 8497F1CC2123DD9600C7AC7F /* Main.storyboard */; };
		8497F1D02123DD9F00C7AC7F /* Assets.xcassets in Resources */ = {isa = PBXBuildFile; fileRef = 8497F1CF2123DD9F00C7AC7F /* Assets.xcassets */; };
		8497F1D32123DD9F00C7AC7F /* LaunchScreen.storyboard in Resources */ = {isa = PBXBuildFile; fileRef = 8497F1D12123DD9F00C7AC7F /* LaunchScreen.storyboard */; };
		8497F1DE2123DDA000C7AC7F /* MiluTests.swift in Sources */ = {isa = PBXBuildFile; fileRef = 8497F1DD2123DDA000C7AC7F /* MiluTests.swift */; };
		8497F1E92123DDA000C7AC7F /* MiluUITests.swift in Sources */ = {isa = PBXBuildFile; fileRef = 8497F1E82123DDA000C7AC7F /* MiluUITests.swift */; };
		84CDEC59212F57E000A76B5D /* Examples.swift in Sources */ = {isa = PBXBuildFile; fileRef = 84CDEC58212F57E000A76B5D /* Examples.swift */; };
		84CDEC5B212F583400A76B5D /* DataSources.swift in Sources */ = {isa = PBXBuildFile; fileRef = 84CDEC5A212F583400A76B5D /* DataSources.swift */; };
		84CDEC5D212F592500A76B5D /* IndexDataSources.swift in Sources */ = {isa = PBXBuildFile; fileRef = 84CDEC5C212F592500A76B5D /* IndexDataSources.swift */; };
		84D2CE7D212CE20800356CB0 /* ChatContainerViewController.swift in Sources */ = {isa = PBXBuildFile; fileRef = 84D2CE7C212CE20800356CB0 /* ChatContainerViewController.swift */; };
		84D9FCBD212AFF700030F8AD /* GuestListContainerViewController.swift in Sources */ = {isa = PBXBuildFile; fileRef = 84D9FCBC212AFF700030F8AD /* GuestListContainerViewController.swift */; };
		84D9FCBF212B11E80030F8AD /* GoingViewController.swift in Sources */ = {isa = PBXBuildFile; fileRef = 84D9FCBE212B11E70030F8AD /* GoingViewController.swift */; };
		84D9FCC1212B11FF0030F8AD /* MaybeViewController.swift in Sources */ = {isa = PBXBuildFile; fileRef = 84D9FCC0212B11FF0030F8AD /* MaybeViewController.swift */; };
		84D9FCC3212B120B0030F8AD /* NopeViewController.swift in Sources */ = {isa = PBXBuildFile; fileRef = 84D9FCC2212B120B0030F8AD /* NopeViewController.swift */; };
		84D9FCC6212B17DD0030F8AD /* GuestTableViewCell.swift in Sources */ = {isa = PBXBuildFile; fileRef = 84D9FCC5212B17DD0030F8AD /* GuestTableViewCell.swift */; };
		84D9FCC9212B26FC0030F8AD /* EditCoverPhotoViewController.swift in Sources */ = {isa = PBXBuildFile; fileRef = 84D9FCC8212B26FC0030F8AD /* EditCoverPhotoViewController.swift */; };
		84D9FCCD212B27D20030F8AD /* KARectCropCutterView.swift in Sources */ = {isa = PBXBuildFile; fileRef = 84D9FCCB212B27D20030F8AD /* KARectCropCutterView.swift */; };
		84D9FCCE212B27D20030F8AD /* KARectCropScrollView.swift in Sources */ = {isa = PBXBuildFile; fileRef = 84D9FCCC212B27D20030F8AD /* KARectCropScrollView.swift */; };
		84D9FCDA212B69810030F8AD /* KUIActionSheet.framework in Frameworks */ = {isa = PBXBuildFile; fileRef = 84D9FCD7212B68440030F8AD /* KUIActionSheet.framework */; };
		84D9FCDB212B69810030F8AD /* KUIActionSheet.framework in Embed Frameworks */ = {isa = PBXBuildFile; fileRef = 84D9FCD7212B68440030F8AD /* KUIActionSheet.framework */; settings = {ATTRIBUTES = (CodeSignOnCopy, RemoveHeadersOnCopy, ); }; };
		84D9FCE3212B7FF80030F8AD /* RepeatViewController.swift in Sources */ = {isa = PBXBuildFile; fileRef = 84D9FCE2212B7FF80030F8AD /* RepeatViewController.swift */; };
		84D9FCE6212B9BE50030F8AD /* RepeatDayIntervalViewController.swift in Sources */ = {isa = PBXBuildFile; fileRef = 84D9FCE5212B9BE50030F8AD /* RepeatDayIntervalViewController.swift */; };
		84D9FCE9212B9E770030F8AD /* RepeatIntervalTableViewCell.swift in Sources */ = {isa = PBXBuildFile; fileRef = 84D9FCE8212B9E770030F8AD /* RepeatIntervalTableViewCell.swift */; };
		84D9FCEB212BA58B0030F8AD /* RepeatWeekIntervalViewController.swift in Sources */ = {isa = PBXBuildFile; fileRef = 84D9FCEA212BA58B0030F8AD /* RepeatWeekIntervalViewController.swift */; };
		84D9FCED212BA6F70030F8AD /* RepeatMonthIntervalViewController.swift in Sources */ = {isa = PBXBuildFile; fileRef = 84D9FCEC212BA6F70030F8AD /* RepeatMonthIntervalViewController.swift */; };
		84D9FCEF212BA7EC0030F8AD /* RepeatYearIntervalViewController.swift in Sources */ = {isa = PBXBuildFile; fileRef = 84D9FCEE212BA7EC0030F8AD /* RepeatYearIntervalViewController.swift */; };
		84D9FCF1212BABC30030F8AD /* RepeatUntilViewController.swift in Sources */ = {isa = PBXBuildFile; fileRef = 84D9FCF0212BABC30030F8AD /* RepeatUntilViewController.swift */; };
		84D9FD02212BB0E40030F8AD /* MJCalendarView.swift in Sources */ = {isa = PBXBuildFile; fileRef = 84D9FCF4212BB0E40030F8AD /* MJCalendarView.swift */; };
		84D9FD03212BB0E40030F8AD /* MJComponentView.swift in Sources */ = {isa = PBXBuildFile; fileRef = 84D9FCF5212BB0E40030F8AD /* MJComponentView.swift */; };
		84D9FD04212BB0E40030F8AD /* MJConfiguration.swift in Sources */ = {isa = PBXBuildFile; fileRef = 84D9FCF6212BB0E40030F8AD /* MJConfiguration.swift */; };
		84D9FD05212BB0E40030F8AD /* MJDayView.swift in Sources */ = {isa = PBXBuildFile; fileRef = 84D9FCF7212BB0E40030F8AD /* MJDayView.swift */; };
		84D9FD06212BB0E40030F8AD /* MJPeriodView.swift in Sources */ = {isa = PBXBuildFile; fileRef = 84D9FCF8212BB0E40030F8AD /* MJPeriodView.swift */; };
		84D9FD07212BB0E40030F8AD /* MJWeekLabelsView.swift in Sources */ = {isa = PBXBuildFile; fileRef = 84D9FCF9212BB0E40030F8AD /* MJWeekLabelsView.swift */; };
		84D9FD08212BB0E40030F8AD /* MJWeekView.swift in Sources */ = {isa = PBXBuildFile; fileRef = 84D9FCFA212BB0E40030F8AD /* MJWeekView.swift */; };
		84D9FD09212BB0E40030F8AD /* Info.plist in Resources */ = {isa = PBXBuildFile; fileRef = 84D9FCFC212BB0E40030F8AD /* Info.plist */; };
		84D9FD0A212BB0E40030F8AD /* MJCalendar-dummy.m in Sources */ = {isa = PBXBuildFile; fileRef = 84D9FCFD212BB0E40030F8AD /* MJCalendar-dummy.m */; };
		84D9FD0B212BB0E40030F8AD /* MJCalendar.xcconfig in Resources */ = {isa = PBXBuildFile; fileRef = 84D9FD01212BB0E40030F8AD /* MJCalendar.xcconfig */; };
		84D9FD18212BB1710030F8AD /* Info.plist in Resources */ = {isa = PBXBuildFile; fileRef = 84D9FD0D212BB1710030F8AD /* Info.plist */; };
		84D9FD19212BB1710030F8AD /* LICENSE in Resources */ = {isa = PBXBuildFile; fileRef = 84D9FD0E212BB1710030F8AD /* LICENSE */; };
		84D9FD1A212BB1710030F8AD /* NSDate+Escort.m in Sources */ = {isa = PBXBuildFile; fileRef = 84D9FD11212BB1710030F8AD /* NSDate+Escort.m */; };
		84D9FD1B212BB1710030F8AD /* NSDate-Escort-dummy.m in Sources */ = {isa = PBXBuildFile; fileRef = 84D9FD12212BB1710030F8AD /* NSDate-Escort-dummy.m */; };
		84D9FD1C212BB1710030F8AD /* NSDate-Escort.xcconfig in Resources */ = {isa = PBXBuildFile; fileRef = 84D9FD16212BB1710030F8AD /* NSDate-Escort.xcconfig */; };
		84D9FD1D212BB1710030F8AD /* README.md in Resources */ = {isa = PBXBuildFile; fileRef = 84D9FD17212BB1710030F8AD /* README.md */; };
		84D9FD2B212BB55B0030F8AD /* Info.plist in Resources */ = {isa = PBXBuildFile; fileRef = 84D9FD20212BB55B0030F8AD /* Info.plist */; };
		84D9FD2C212BB55B0030F8AD /* LICENSE.md in Resources */ = {isa = PBXBuildFile; fileRef = 84D9FD21212BB55B0030F8AD /* LICENSE.md */; };
		84D9FD2D212BB55B0030F8AD /* README.md in Resources */ = {isa = PBXBuildFile; fileRef = 84D9FD22212BB55B0030F8AD /* README.md */; };
		84D9FD2E212BB55B0030F8AD /* UIView+JMFrame.m in Sources */ = {isa = PBXBuildFile; fileRef = 84D9FD25212BB55B0030F8AD /* UIView+JMFrame.m */; };
		84D9FD2F212BB55B0030F8AD /* UIView+JMFrame-dummy.m in Sources */ = {isa = PBXBuildFile; fileRef = 84D9FD26212BB55B0030F8AD /* UIView+JMFrame-dummy.m */; };
		84D9FD30212BB55B0030F8AD /* UIView+JMFrame.xcconfig in Resources */ = {isa = PBXBuildFile; fileRef = 84D9FD2A212BB55B0030F8AD /* UIView+JMFrame.xcconfig */; };
		84D9FD32212BB59D0030F8AD /* PaddingLabel.swift in Sources */ = {isa = PBXBuildFile; fileRef = 84D9FD31212BB59D0030F8AD /* PaddingLabel.swift */; };
		84D9FD34212BB9A60030F8AD /* SwiftHEXColors.swift in Sources */ = {isa = PBXBuildFile; fileRef = 84D9FD33212BB9A60030F8AD /* SwiftHEXColors.swift */; };
		84E07A7E212E5397000D6169 /* GroupsHeader.swift in Sources */ = {isa = PBXBuildFile; fileRef = 84E07A7D212E5397000D6169 /* GroupsHeader.swift */; };
		84E07A81212E53B3000D6169 /* GroupsHeader.xib in Resources */ = {isa = PBXBuildFile; fileRef = 84E07A80212E53B3000D6169 /* GroupsHeader.xib */; };
		84E07A83212E56A2000D6169 /* GroupsFriendsTableViewCell.swift in Sources */ = {isa = PBXBuildFile; fileRef = 84E07A82212E56A2000D6169 /* GroupsFriendsTableViewCell.swift */; };
		84E07A85212E56F5000D6169 /* GroupsSecondTableViewCell.swift in Sources */ = {isa = PBXBuildFile; fileRef = 84E07A84212E56F5000D6169 /* GroupsSecondTableViewCell.swift */; };
		84E07A87212E5B75000D6169 /* Montserrat-ExtraLight.otf in Resources */ = {isa = PBXBuildFile; fileRef = 84E07A86212E5B1B000D6169 /* Montserrat-ExtraLight.otf */; };
		84E07A8A212E63BD000D6169 /* AlertViewController.swift in Sources */ = {isa = PBXBuildFile; fileRef = 84E07A89212E63BD000D6169 /* AlertViewController.swift */; };
		84E07A8C212E63F4000D6169 /* BaseViewController.swift in Sources */ = {isa = PBXBuildFile; fileRef = 84E07A8B212E63F4000D6169 /* BaseViewController.swift */; };
		84E07C18212F0610000D6169 /* MessageKit.framework in Frameworks */ = {isa = PBXBuildFile; fileRef = 84E07C15212F05E9000D6169 /* MessageKit.framework */; };
		84E07C19212F0610000D6169 /* MessageKit.framework in Embed Frameworks */ = {isa = PBXBuildFile; fileRef = 84E07C15212F05E9000D6169 /* MessageKit.framework */; settings = {ATTRIBUTES = (CodeSignOnCopy, RemoveHeadersOnCopy, ); }; };
		84E07C1D212F066F000D6169 /* MockMessage.swift in Sources */ = {isa = PBXBuildFile; fileRef = 84E07C1C212F066F000D6169 /* MockMessage.swift */; };
		84E07C1F212F0689000D6169 /* SampleData.swift in Sources */ = {isa = PBXBuildFile; fileRef = 84E07C1E212F0689000D6169 /* SampleData.swift */; };
		84E07C21212F06F0000D6169 /* Settings+UserDefaults.swift in Sources */ = {isa = PBXBuildFile; fileRef = 84E07C20212F06F0000D6169 /* Settings+UserDefaults.swift */; };
		9EE7C9D428224A4B315AF72E /* Pods_Milu.framework in Frameworks */ = {isa = PBXBuildFile; fileRef = 8BDA7E45B9BF4800CD271386 /* Pods_Milu.framework */; };
/* End PBXBuildFile section */

/* Begin PBXContainerItemProxy section */
		8497F1DA2123DDA000C7AC7F /* PBXContainerItemProxy */ = {
			isa = PBXContainerItemProxy;
			containerPortal = 8497F1BD2123DD9600C7AC7F /* Project object */;
			proxyType = 1;
			remoteGlobalIDString = 8497F1C42123DD9600C7AC7F;
			remoteInfo = Milu;
		};
		8497F1E52123DDA000C7AC7F /* PBXContainerItemProxy */ = {
			isa = PBXContainerItemProxy;
			containerPortal = 8497F1BD2123DD9600C7AC7F /* Project object */;
			proxyType = 1;
			remoteGlobalIDString = 8497F1C42123DD9600C7AC7F;
			remoteInfo = Milu;
		};
		84D9FCD6212B68440030F8AD /* PBXContainerItemProxy */ = {
			isa = PBXContainerItemProxy;
			containerPortal = 84D9FCD1212B68440030F8AD /* KUIActionSheet.xcodeproj */;
			proxyType = 2;
			remoteGlobalIDString = C3598CF51D2F38AC00FA85BA;
			remoteInfo = KUIActionSheet;
		};
		84D9FCD8212B68440030F8AD /* PBXContainerItemProxy */ = {
			isa = PBXContainerItemProxy;
			containerPortal = 84D9FCD1212B68440030F8AD /* KUIActionSheet.xcodeproj */;
			proxyType = 2;
			remoteGlobalIDString = C3598CFF1D2F38AC00FA85BA;
			remoteInfo = KUIActionSheetTests;
		};
		84D9FCDC212B69810030F8AD /* PBXContainerItemProxy */ = {
			isa = PBXContainerItemProxy;
			containerPortal = 84D9FCD1212B68440030F8AD /* KUIActionSheet.xcodeproj */;
			proxyType = 1;
			remoteGlobalIDString = C3598CF41D2F38AC00FA85BA;
			remoteInfo = KUIActionSheet;
		};
		84E07C14212F05E9000D6169 /* PBXContainerItemProxy */ = {
			isa = PBXContainerItemProxy;
			containerPortal = 84E07C0F212F05E9000D6169 /* MessageKit.xcodeproj */;
			proxyType = 2;
			remoteGlobalIDString = 88916B221CF0DF2F00469F91;
			remoteInfo = MessageKit;
		};
		84E07C16212F05E9000D6169 /* PBXContainerItemProxy */ = {
			isa = PBXContainerItemProxy;
			containerPortal = 84E07C0F212F05E9000D6169 /* MessageKit.xcodeproj */;
			proxyType = 2;
			remoteGlobalIDString = 88916B2C1CF0DF2F00469F91;
			remoteInfo = MessageKitTests;
		};
		84E07C1A212F0610000D6169 /* PBXContainerItemProxy */ = {
			isa = PBXContainerItemProxy;
			containerPortal = 84E07C0F212F05E9000D6169 /* MessageKit.xcodeproj */;
			proxyType = 1;
			remoteGlobalIDString = 88916B211CF0DF2F00469F91;
			remoteInfo = MessageKit;
		};
/* End PBXContainerItemProxy section */

/* Begin PBXCopyFilesBuildPhase section */
		84D9FCDE212B69810030F8AD /* Embed Frameworks */ = {
			isa = PBXCopyFilesBuildPhase;
			buildActionMask = 2147483647;
			dstPath = "";
			dstSubfolderSpec = 10;
			files = (
				84D9FCDB212B69810030F8AD /* KUIActionSheet.framework in Embed Frameworks */,
				84E07C19212F0610000D6169 /* MessageKit.framework in Embed Frameworks */,
			);
			name = "Embed Frameworks";
			runOnlyForDeploymentPostprocessing = 0;
		};
/* End PBXCopyFilesBuildPhase section */

/* Begin PBXFileReference section */
		840B51BA212DD69500071D43 /* Base */ = {isa = PBXFileReference; lastKnownFileType = file.storyboard; name = Base; path = Base.lproj/Profile.storyboard; sourceTree = "<group>"; };
		840B51BE212DDC3C00071D43 /* ProfileViewController.swift */ = {isa = PBXFileReference; lastKnownFileType = sourcecode.swift; path = ProfileViewController.swift; sourceTree = "<group>"; };
		840B51C0212DE37900071D43 /* JYBounceHeader.swift */ = {isa = PBXFileReference; fileEncoding = 4; lastKnownFileType = sourcecode.swift; path = JYBounceHeader.swift; sourceTree = "<group>"; };
		840B51C3212DF75E00071D43 /* ConnectisCollectionViewCell.swift */ = {isa = PBXFileReference; lastKnownFileType = sourcecode.swift; path = ConnectisCollectionViewCell.swift; sourceTree = "<group>"; };
		840B51C5212E015400071D43 /* ProfileEditViewController.swift */ = {isa = PBXFileReference; lastKnownFileType = sourcecode.swift; path = ProfileEditViewController.swift; sourceTree = "<group>"; };
		840B51C7212E20DE00071D43 /* EditProfilePhotoViewController.swift */ = {isa = PBXFileReference; lastKnownFileType = sourcecode.swift; path = EditProfilePhotoViewController.swift; sourceTree = "<group>"; };
		840B51C9212E21F900071D43 /* KACircleCropCutterView.swift */ = {isa = PBXFileReference; lastKnownFileType = sourcecode.swift; path = KACircleCropCutterView.swift; sourceTree = "<group>"; };
		840B51D3212E334100071D43 /* GroupsViewController.swift */ = {isa = PBXFileReference; fileEncoding = 4; lastKnownFileType = sourcecode.swift; path = GroupsViewController.swift; sourceTree = "<group>"; };
		840B51D4212E334100071D43 /* FollowersViewController.swift */ = {isa = PBXFileReference; fileEncoding = 4; lastKnownFileType = sourcecode.swift; path = FollowersViewController.swift; sourceTree = "<group>"; };
		840B51D5212E334100071D43 /* FollowingViewController.swift */ = {isa = PBXFileReference; fileEncoding = 4; lastKnownFileType = sourcecode.swift; path = FollowingViewController.swift; sourceTree = "<group>"; };
		840B51D9212E33F900071D43 /* ConnectionsViewController.swift */ = {isa = PBXFileReference; lastKnownFileType = sourcecode.swift; path = ConnectionsViewController.swift; sourceTree = "<group>"; };
		840B51DC212E3FA800071D43 /* LICENSE */ = {isa = PBXFileReference; fileEncoding = 4; lastKnownFileType = text; path = LICENSE; sourceTree = "<group>"; };
		840B51DD212E3FA800071D43 /* README.md */ = {isa = PBXFileReference; fileEncoding = 4; lastKnownFileType = net.daringfireball.markdown; path = README.md; sourceTree = "<group>"; };
		840B51E0212E3FA800071D43 /* SCTableIndex.swift */ = {isa = PBXFileReference; fileEncoding = 4; lastKnownFileType = sourcecode.swift; path = SCTableIndex.swift; sourceTree = "<group>"; };
		840B51E4212E422C00071D43 /* FollowingTableViewCell.swift */ = {isa = PBXFileReference; lastKnownFileType = sourcecode.swift; path = FollowingTableViewCell.swift; sourceTree = "<group>"; };
		840B51E6212E471800071D43 /* ConnectionsHeader.xib */ = {isa = PBXFileReference; fileEncoding = 4; lastKnownFileType = file.xib; path = ConnectionsHeader.xib; sourceTree = "<group>"; };
		840B51EA212E485200071D43 /* ConnectionsHeader.swift */ = {isa = PBXFileReference; lastKnownFileType = sourcecode.swift; path = ConnectionsHeader.swift; sourceTree = "<group>"; };
		8420255B212C44900050B5C8 /* RepeatWeekDaysViewController.swift */ = {isa = PBXFileReference; lastKnownFileType = sourcecode.swift; path = RepeatWeekDaysViewController.swift; sourceTree = "<group>"; };
		8420255E212C48EC0050B5C8 /* RepeatMonthDaysViewController.swift */ = {isa = PBXFileReference; lastKnownFileType = sourcecode.swift; path = RepeatMonthDaysViewController.swift; sourceTree = "<group>"; };
		84202560212C53C30050B5C8 /* CustomPicker.swift */ = {isa = PBXFileReference; lastKnownFileType = sourcecode.swift; path = CustomPicker.swift; sourceTree = "<group>"; };
		84202563212C59AC0050B5C8 /* AddHostsViewController.swift */ = {isa = PBXFileReference; lastKnownFileType = sourcecode.swift; path = AddHostsViewController.swift; sourceTree = "<group>"; };
		84202566212C656B0050B5C8 /* HostItemTableViewCell.swift */ = {isa = PBXFileReference; lastKnownFileType = sourcecode.swift; path = HostItemTableViewCell.swift; sourceTree = "<group>"; };
		84202569212C7B410050B5C8 /* AddInviteViewController.swift */ = {isa = PBXFileReference; lastKnownFileType = sourcecode.swift; path = AddInviteViewController.swift; sourceTree = "<group>"; };
		84202606212CC9F50050B5C8 /* ChatViewController.swift */ = {isa = PBXFileReference; fileEncoding = 4; lastKnownFileType = sourcecode.swift; path = ChatViewController.swift; sourceTree = "<group>"; };
		8436145C212861F100760765 /* BaseTabbarViewController.swift */ = {isa = PBXFileReference; fileEncoding = 4; lastKnownFileType = sourcecode.swift; path = BaseTabbarViewController.swift; sourceTree = "<group>"; };
		8436145E2128647E00760765 /* SigninViewController.swift */ = {isa = PBXFileReference; lastKnownFileType = sourcecode.swift; path = SigninViewController.swift; sourceTree = "<group>"; };
		843614622128A09B00760765 /* EventHostHeaderTableViewCell.swift */ = {isa = PBXFileReference; lastKnownFileType = sourcecode.swift; path = EventHostHeaderTableViewCell.swift; sourceTree = "<group>"; };
		843614652128E02500760765 /* EventHostViewController.swift */ = {isa = PBXFileReference; lastKnownFileType = sourcecode.swift; path = EventHostViewController.swift; sourceTree = "<group>"; };
		843614682128E97100760765 /* HeaderReusableView.swift */ = {isa = PBXFileReference; lastKnownFileType = sourcecode.swift; path = HeaderReusableView.swift; sourceTree = "<group>"; };
		8436146A2128F85000760765 /* Montserrat-Light.otf */ = {isa = PBXFileReference; lastKnownFileType = file; path = "Montserrat-Light.otf"; sourceTree = "<group>"; };
		8436146B2128FA0700760765 /* BMUIViewController.swift */ = {isa = PBXFileReference; fileEncoding = 4; lastKnownFileType = sourcecode.swift; path = BMUIViewController.swift; sourceTree = "<group>"; };
		8436146D2128FB6B00760765 /* EventTImeCell.swift */ = {isa = PBXFileReference; lastKnownFileType = sourcecode.swift; path = EventTImeCell.swift; sourceTree = "<group>"; };
		84361472212904C000760765 /* EventTitleCell.swift */ = {isa = PBXFileReference; lastKnownFileType = sourcecode.swift; path = EventTitleCell.swift; sourceTree = "<group>"; };
		8436147421290AE300760765 /* GoingTableViewCell.swift */ = {isa = PBXFileReference; lastKnownFileType = sourcecode.swift; path = GoingTableViewCell.swift; sourceTree = "<group>"; };
		843614762129175300760765 /* EventCalendarCell.swift */ = {isa = PBXFileReference; lastKnownFileType = sourcecode.swift; path = EventCalendarCell.swift; sourceTree = "<group>"; };
		843614782129185E00760765 /* EventLocationCell.swift */ = {isa = PBXFileReference; lastKnownFileType = sourcecode.swift; path = EventLocationCell.swift; sourceTree = "<group>"; };
		8436147A21291F9100760765 /* MapTableViewCell.swift */ = {isa = PBXFileReference; lastKnownFileType = sourcecode.swift; path = MapTableViewCell.swift; sourceTree = "<group>"; };
		8436147C212999F400760765 /* HostedbyCell.swift */ = {isa = PBXFileReference; lastKnownFileType = sourcecode.swift; path = HostedbyCell.swift; sourceTree = "<group>"; };
		8436147E21299E4C00760765 /* EventDescriptionCell.swift */ = {isa = PBXFileReference; lastKnownFileType = sourcecode.swift; path = EventDescriptionCell.swift; sourceTree = "<group>"; };
		843614802129A27800760765 /* GoingPeopleCollectionViewCell.swift */ = {isa = PBXFileReference; lastKnownFileType = sourcecode.swift; path = GoingPeopleCollectionViewCell.swift; sourceTree = "<group>"; };
		843614822129A44C00760765 /* GoingPeopleTableViewCell.swift */ = {isa = PBXFileReference; lastKnownFileType = sourcecode.swift; path = GoingPeopleTableViewCell.swift; sourceTree = "<group>"; };
		843614842129BEFA00760765 /* EventMoreTableViewCell.swift */ = {isa = PBXFileReference; lastKnownFileType = sourcecode.swift; path = EventMoreTableViewCell.swift; sourceTree = "<group>"; };
		843614862129BFE300760765 /* MoreItemCell.swift */ = {isa = PBXFileReference; lastKnownFileType = sourcecode.swift; path = MoreItemCell.swift; sourceTree = "<group>"; };
		843614892129D6BF00760765 /* EventEditViewController.swift */ = {isa = PBXFileReference; lastKnownFileType = sourcecode.swift; path = EventEditViewController.swift; sourceTree = "<group>"; };
		8436148C2129E15500760765 /* AddHeaderPhotoCell.swift */ = {isa = PBXFileReference; lastKnownFileType = sourcecode.swift; path = AddHeaderPhotoCell.swift; sourceTree = "<group>"; };
		8436148E2129E4A000760765 /* EventPhotoCell.swift */ = {isa = PBXFileReference; lastKnownFileType = sourcecode.swift; path = EventPhotoCell.swift; sourceTree = "<group>"; };
		843614902129F30A00760765 /* TitleCell.swift */ = {isa = PBXFileReference; lastKnownFileType = sourcecode.swift; path = TitleCell.swift; sourceTree = "<group>"; };
		843614962129F4C000760765 /* TPKeyboardAvoidingSwift.swift */ = {isa = PBXFileReference; fileEncoding = 4; lastKnownFileType = sourcecode.swift; path = TPKeyboardAvoidingSwift.swift; sourceTree = "<group>"; };
		84361498212A0D1F00760765 /* AddressCell.swift */ = {isa = PBXFileReference; lastKnownFileType = sourcecode.swift; path = AddressCell.swift; sourceTree = "<group>"; };
		8436149A212A191900760765 /* AllDayCell.swift */ = {isa = PBXFileReference; lastKnownFileType = sourcecode.swift; path = AllDayCell.swift; sourceTree = "<group>"; };
		8436149C212A1F5100760765 /* StartsCell.swift */ = {isa = PBXFileReference; lastKnownFileType = sourcecode.swift; path = StartsCell.swift; sourceTree = "<group>"; };
		8436149E212A32A900760765 /* DurationCell.swift */ = {isa = PBXFileReference; lastKnownFileType = sourcecode.swift; path = DurationCell.swift; sourceTree = "<group>"; };
		843614A1212A43E000760765 /* TimePickerView.swift */ = {isa = PBXFileReference; fileEncoding = 4; lastKnownFileType = sourcecode.swift; path = TimePickerView.swift; sourceTree = "<group>"; };
		843614A4212A694300760765 /* RepeatCell.swift */ = {isa = PBXFileReference; lastKnownFileType = sourcecode.swift; path = RepeatCell.swift; sourceTree = "<group>"; };
		843614A6212A6B9700760765 /* HostCell.swift */ = {isa = PBXFileReference; lastKnownFileType = sourcecode.swift; path = HostCell.swift; sourceTree = "<group>"; };
		843614A9212A71A200760765 /* DescriptionCell.swift */ = {isa = PBXFileReference; lastKnownFileType = sourcecode.swift; path = DescriptionCell.swift; sourceTree = "<group>"; };
		843614AB212AF2D200760765 /* InviteCell.swift */ = {isa = PBXFileReference; lastKnownFileType = sourcecode.swift; path = InviteCell.swift; sourceTree = "<group>"; };
		843614AD212AF50800760765 /* PrivateCell.swift */ = {isa = PBXFileReference; lastKnownFileType = sourcecode.swift; path = PrivateCell.swift; sourceTree = "<group>"; };
		843614AF212AF6B400760765 /* AllowCell.swift */ = {isa = PBXFileReference; lastKnownFileType = sourcecode.swift; path = AllowCell.swift; sourceTree = "<group>"; };
		843614B1212AF85600760765 /* SavebuttonCell.swift */ = {isa = PBXFileReference; lastKnownFileType = sourcecode.swift; path = SavebuttonCell.swift; sourceTree = "<group>"; };
		8497F1C52123DD9600C7AC7F /* Milu.app */ = {isa = PBXFileReference; explicitFileType = wrapper.application; includeInIndex = 0; path = Milu.app; sourceTree = BUILT_PRODUCTS_DIR; };
		8497F1C82123DD9600C7AC7F /* AppDelegate.swift */ = {isa = PBXFileReference; lastKnownFileType = sourcecode.swift; path = AppDelegate.swift; sourceTree = "<group>"; };
		8497F1CA2123DD9600C7AC7F /* SplashViewController.swift */ = {isa = PBXFileReference; lastKnownFileType = sourcecode.swift; path = SplashViewController.swift; sourceTree = "<group>"; };
		8497F1CD2123DD9600C7AC7F /* Base */ = {isa = PBXFileReference; lastKnownFileType = file.storyboard; name = Base; path = Base.lproj/Main.storyboard; sourceTree = "<group>"; };
		8497F1CF2123DD9F00C7AC7F /* Assets.xcassets */ = {isa = PBXFileReference; lastKnownFileType = folder.assetcatalog; path = Assets.xcassets; sourceTree = "<group>"; };
		8497F1D22123DD9F00C7AC7F /* Base */ = {isa = PBXFileReference; lastKnownFileType = file.storyboard; name = Base; path = Base.lproj/LaunchScreen.storyboard; sourceTree = "<group>"; };
		8497F1D42123DD9F00C7AC7F /* Info.plist */ = {isa = PBXFileReference; lastKnownFileType = text.plist.xml; path = Info.plist; sourceTree = "<group>"; };
		8497F1D92123DDA000C7AC7F /* MiluTests.xctest */ = {isa = PBXFileReference; explicitFileType = wrapper.cfbundle; includeInIndex = 0; path = MiluTests.xctest; sourceTree = BUILT_PRODUCTS_DIR; };
		8497F1DD2123DDA000C7AC7F /* MiluTests.swift */ = {isa = PBXFileReference; lastKnownFileType = sourcecode.swift; path = MiluTests.swift; sourceTree = "<group>"; };
		8497F1DF2123DDA000C7AC7F /* Info.plist */ = {isa = PBXFileReference; lastKnownFileType = text.plist.xml; path = Info.plist; sourceTree = "<group>"; };
		8497F1E42123DDA000C7AC7F /* MiluUITests.xctest */ = {isa = PBXFileReference; explicitFileType = wrapper.cfbundle; includeInIndex = 0; path = MiluUITests.xctest; sourceTree = BUILT_PRODUCTS_DIR; };
		8497F1E82123DDA000C7AC7F /* MiluUITests.swift */ = {isa = PBXFileReference; lastKnownFileType = sourcecode.swift; path = MiluUITests.swift; sourceTree = "<group>"; };
		8497F1EA2123DDA000C7AC7F /* Info.plist */ = {isa = PBXFileReference; lastKnownFileType = text.plist.xml; path = Info.plist; sourceTree = "<group>"; };
		8497F2062127518F00C7AC7F /* Montserrat-Regular.otf */ = {isa = PBXFileReference; lastKnownFileType = file; path = "Montserrat-Regular.otf"; sourceTree = "<group>"; };
		8497F2072127526800C7AC7F /* Montserrat-Bold.otf */ = {isa = PBXFileReference; lastKnownFileType = file; path = "Montserrat-Bold.otf"; sourceTree = "<group>"; };
		84CDEC58212F57E000A76B5D /* Examples.swift */ = {isa = PBXFileReference; fileEncoding = 4; lastKnownFileType = sourcecode.swift; path = Examples.swift; sourceTree = "<group>"; };
		84CDEC5A212F583400A76B5D /* DataSources.swift */ = {isa = PBXFileReference; fileEncoding = 4; lastKnownFileType = sourcecode.swift; path = DataSources.swift; sourceTree = "<group>"; };
		84CDEC5C212F592500A76B5D /* IndexDataSources.swift */ = {isa = PBXFileReference; fileEncoding = 4; lastKnownFileType = sourcecode.swift; path = IndexDataSources.swift; sourceTree = "<group>"; };
		84D2CE7C212CE20800356CB0 /* ChatContainerViewController.swift */ = {isa = PBXFileReference; lastKnownFileType = sourcecode.swift; path = ChatContainerViewController.swift; sourceTree = "<group>"; };
		84D9FCBC212AFF700030F8AD /* GuestListContainerViewController.swift */ = {isa = PBXFileReference; lastKnownFileType = sourcecode.swift; path = GuestListContainerViewController.swift; sourceTree = "<group>"; };
		84D9FCBE212B11E70030F8AD /* GoingViewController.swift */ = {isa = PBXFileReference; lastKnownFileType = sourcecode.swift; path = GoingViewController.swift; sourceTree = "<group>"; };
		84D9FCC0212B11FF0030F8AD /* MaybeViewController.swift */ = {isa = PBXFileReference; lastKnownFileType = sourcecode.swift; path = MaybeViewController.swift; sourceTree = "<group>"; };
		84D9FCC2212B120B0030F8AD /* NopeViewController.swift */ = {isa = PBXFileReference; lastKnownFileType = sourcecode.swift; path = NopeViewController.swift; sourceTree = "<group>"; };
		84D9FCC5212B17DD0030F8AD /* GuestTableViewCell.swift */ = {isa = PBXFileReference; lastKnownFileType = sourcecode.swift; path = GuestTableViewCell.swift; sourceTree = "<group>"; };
		84D9FCC8212B26FC0030F8AD /* EditCoverPhotoViewController.swift */ = {isa = PBXFileReference; lastKnownFileType = sourcecode.swift; path = EditCoverPhotoViewController.swift; sourceTree = "<group>"; };
		84D9FCCB212B27D20030F8AD /* KARectCropCutterView.swift */ = {isa = PBXFileReference; fileEncoding = 4; lastKnownFileType = sourcecode.swift; path = KARectCropCutterView.swift; sourceTree = "<group>"; };
		84D9FCCC212B27D20030F8AD /* KARectCropScrollView.swift */ = {isa = PBXFileReference; fileEncoding = 4; lastKnownFileType = sourcecode.swift; path = KARectCropScrollView.swift; sourceTree = "<group>"; };
		84D9FCD1212B68440030F8AD /* KUIActionSheet.xcodeproj */ = {isa = PBXFileReference; lastKnownFileType = "wrapper.pb-project"; name = KUIActionSheet.xcodeproj; path = Milu/Views/KUIActionSheet/KUIActionSheet.xcodeproj; sourceTree = "<group>"; };
		84D9FCE2212B7FF80030F8AD /* RepeatViewController.swift */ = {isa = PBXFileReference; lastKnownFileType = sourcecode.swift; path = RepeatViewController.swift; sourceTree = "<group>"; };
		84D9FCE5212B9BE50030F8AD /* RepeatDayIntervalViewController.swift */ = {isa = PBXFileReference; lastKnownFileType = sourcecode.swift; path = RepeatDayIntervalViewController.swift; sourceTree = "<group>"; };
		84D9FCE8212B9E770030F8AD /* RepeatIntervalTableViewCell.swift */ = {isa = PBXFileReference; lastKnownFileType = sourcecode.swift; path = RepeatIntervalTableViewCell.swift; sourceTree = "<group>"; };
		84D9FCEA212BA58B0030F8AD /* RepeatWeekIntervalViewController.swift */ = {isa = PBXFileReference; lastKnownFileType = sourcecode.swift; path = RepeatWeekIntervalViewController.swift; sourceTree = "<group>"; };
		84D9FCEC212BA6F70030F8AD /* RepeatMonthIntervalViewController.swift */ = {isa = PBXFileReference; lastKnownFileType = sourcecode.swift; path = RepeatMonthIntervalViewController.swift; sourceTree = "<group>"; };
		84D9FCEE212BA7EC0030F8AD /* RepeatYearIntervalViewController.swift */ = {isa = PBXFileReference; lastKnownFileType = sourcecode.swift; path = RepeatYearIntervalViewController.swift; sourceTree = "<group>"; };
		84D9FCF0212BABC30030F8AD /* RepeatUntilViewController.swift */ = {isa = PBXFileReference; lastKnownFileType = sourcecode.swift; path = RepeatUntilViewController.swift; sourceTree = "<group>"; };
		84D9FCF4212BB0E40030F8AD /* MJCalendarView.swift */ = {isa = PBXFileReference; fileEncoding = 4; lastKnownFileType = sourcecode.swift; path = MJCalendarView.swift; sourceTree = "<group>"; };
		84D9FCF5212BB0E40030F8AD /* MJComponentView.swift */ = {isa = PBXFileReference; fileEncoding = 4; lastKnownFileType = sourcecode.swift; path = MJComponentView.swift; sourceTree = "<group>"; };
		84D9FCF6212BB0E40030F8AD /* MJConfiguration.swift */ = {isa = PBXFileReference; fileEncoding = 4; lastKnownFileType = sourcecode.swift; path = MJConfiguration.swift; sourceTree = "<group>"; };
		84D9FCF7212BB0E40030F8AD /* MJDayView.swift */ = {isa = PBXFileReference; fileEncoding = 4; lastKnownFileType = sourcecode.swift; path = MJDayView.swift; sourceTree = "<group>"; };
		84D9FCF8212BB0E40030F8AD /* MJPeriodView.swift */ = {isa = PBXFileReference; fileEncoding = 4; lastKnownFileType = sourcecode.swift; path = MJPeriodView.swift; sourceTree = "<group>"; };
		84D9FCF9212BB0E40030F8AD /* MJWeekLabelsView.swift */ = {isa = PBXFileReference; fileEncoding = 4; lastKnownFileType = sourcecode.swift; path = MJWeekLabelsView.swift; sourceTree = "<group>"; };
		84D9FCFA212BB0E40030F8AD /* MJWeekView.swift */ = {isa = PBXFileReference; fileEncoding = 4; lastKnownFileType = sourcecode.swift; path = MJWeekView.swift; sourceTree = "<group>"; };
		84D9FCFC212BB0E40030F8AD /* Info.plist */ = {isa = PBXFileReference; fileEncoding = 4; lastKnownFileType = text.plist.xml; path = Info.plist; sourceTree = "<group>"; };
		84D9FCFD212BB0E40030F8AD /* MJCalendar-dummy.m */ = {isa = PBXFileReference; fileEncoding = 4; lastKnownFileType = sourcecode.c.objc; path = "MJCalendar-dummy.m"; sourceTree = "<group>"; };
		84D9FCFE212BB0E40030F8AD /* MJCalendar-prefix.pch */ = {isa = PBXFileReference; fileEncoding = 4; lastKnownFileType = sourcecode.c.h; path = "MJCalendar-prefix.pch"; sourceTree = "<group>"; };
		84D9FCFF212BB0E40030F8AD /* MJCalendar-umbrella.h */ = {isa = PBXFileReference; fileEncoding = 4; lastKnownFileType = sourcecode.c.h; path = "MJCalendar-umbrella.h"; sourceTree = "<group>"; };
		84D9FD00212BB0E40030F8AD /* MJCalendar.modulemap */ = {isa = PBXFileReference; fileEncoding = 4; lastKnownFileType = "sourcecode.module-map"; path = MJCalendar.modulemap; sourceTree = "<group>"; };
		84D9FD01212BB0E40030F8AD /* MJCalendar.xcconfig */ = {isa = PBXFileReference; fileEncoding = 4; lastKnownFileType = text.xcconfig; path = MJCalendar.xcconfig; sourceTree = "<group>"; };
		84D9FD0D212BB1710030F8AD /* Info.plist */ = {isa = PBXFileReference; fileEncoding = 4; lastKnownFileType = text.plist.xml; path = Info.plist; sourceTree = "<group>"; };
		84D9FD0E212BB1710030F8AD /* LICENSE */ = {isa = PBXFileReference; fileEncoding = 4; lastKnownFileType = text; path = LICENSE; sourceTree = "<group>"; };
		84D9FD10212BB1710030F8AD /* NSDate+Escort.h */ = {isa = PBXFileReference; fileEncoding = 4; lastKnownFileType = sourcecode.c.h; path = "NSDate+Escort.h"; sourceTree = "<group>"; };
		84D9FD11212BB1710030F8AD /* NSDate+Escort.m */ = {isa = PBXFileReference; fileEncoding = 4; lastKnownFileType = sourcecode.c.objc; path = "NSDate+Escort.m"; sourceTree = "<group>"; };
		84D9FD12212BB1710030F8AD /* NSDate-Escort-dummy.m */ = {isa = PBXFileReference; fileEncoding = 4; lastKnownFileType = sourcecode.c.objc; path = "NSDate-Escort-dummy.m"; sourceTree = "<group>"; };
		84D9FD13212BB1710030F8AD /* NSDate-Escort-prefix.pch */ = {isa = PBXFileReference; fileEncoding = 4; lastKnownFileType = sourcecode.c.h; path = "NSDate-Escort-prefix.pch"; sourceTree = "<group>"; };
		84D9FD14212BB1710030F8AD /* NSDate-Escort-umbrella.h */ = {isa = PBXFileReference; fileEncoding = 4; lastKnownFileType = sourcecode.c.h; path = "NSDate-Escort-umbrella.h"; sourceTree = "<group>"; };
		84D9FD15212BB1710030F8AD /* NSDate-Escort.modulemap */ = {isa = PBXFileReference; fileEncoding = 4; lastKnownFileType = "sourcecode.module-map"; path = "NSDate-Escort.modulemap"; sourceTree = "<group>"; };
		84D9FD16212BB1710030F8AD /* NSDate-Escort.xcconfig */ = {isa = PBXFileReference; fileEncoding = 4; lastKnownFileType = text.xcconfig; path = "NSDate-Escort.xcconfig"; sourceTree = "<group>"; };
		84D9FD17212BB1710030F8AD /* README.md */ = {isa = PBXFileReference; fileEncoding = 4; lastKnownFileType = net.daringfireball.markdown; path = README.md; sourceTree = "<group>"; };
		84D9FD1E212BB27D0030F8AD /* Milu-Bridging-Header.h */ = {isa = PBXFileReference; lastKnownFileType = sourcecode.c.h; path = "Milu-Bridging-Header.h"; sourceTree = "<group>"; };
		84D9FD20212BB55B0030F8AD /* Info.plist */ = {isa = PBXFileReference; fileEncoding = 4; lastKnownFileType = text.plist.xml; path = Info.plist; sourceTree = "<group>"; };
		84D9FD21212BB55B0030F8AD /* LICENSE.md */ = {isa = PBXFileReference; fileEncoding = 4; lastKnownFileType = net.daringfireball.markdown; path = LICENSE.md; sourceTree = "<group>"; };
		84D9FD22212BB55B0030F8AD /* README.md */ = {isa = PBXFileReference; fileEncoding = 4; lastKnownFileType = net.daringfireball.markdown; path = README.md; sourceTree = "<group>"; };
		84D9FD24212BB55B0030F8AD /* UIView+JMFrame.h */ = {isa = PBXFileReference; fileEncoding = 4; lastKnownFileType = sourcecode.c.h; path = "UIView+JMFrame.h"; sourceTree = "<group>"; };
		84D9FD25212BB55B0030F8AD /* UIView+JMFrame.m */ = {isa = PBXFileReference; fileEncoding = 4; lastKnownFileType = sourcecode.c.objc; path = "UIView+JMFrame.m"; sourceTree = "<group>"; };
		84D9FD26212BB55B0030F8AD /* UIView+JMFrame-dummy.m */ = {isa = PBXFileReference; fileEncoding = 4; lastKnownFileType = sourcecode.c.objc; path = "UIView+JMFrame-dummy.m"; sourceTree = "<group>"; };
		84D9FD27212BB55B0030F8AD /* UIView+JMFrame-prefix.pch */ = {isa = PBXFileReference; fileEncoding = 4; lastKnownFileType = sourcecode.c.h; path = "UIView+JMFrame-prefix.pch"; sourceTree = "<group>"; };
		84D9FD28212BB55B0030F8AD /* UIView+JMFrame-umbrella.h */ = {isa = PBXFileReference; fileEncoding = 4; lastKnownFileType = sourcecode.c.h; path = "UIView+JMFrame-umbrella.h"; sourceTree = "<group>"; };
		84D9FD29212BB55B0030F8AD /* UIView+JMFrame.modulemap */ = {isa = PBXFileReference; fileEncoding = 4; lastKnownFileType = "sourcecode.module-map"; path = "UIView+JMFrame.modulemap"; sourceTree = "<group>"; };
		84D9FD2A212BB55B0030F8AD /* UIView+JMFrame.xcconfig */ = {isa = PBXFileReference; fileEncoding = 4; lastKnownFileType = text.xcconfig; path = "UIView+JMFrame.xcconfig"; sourceTree = "<group>"; };
		84D9FD31212BB59D0030F8AD /* PaddingLabel.swift */ = {isa = PBXFileReference; fileEncoding = 4; lastKnownFileType = sourcecode.swift; path = PaddingLabel.swift; sourceTree = "<group>"; };
		84D9FD33212BB9A60030F8AD /* SwiftHEXColors.swift */ = {isa = PBXFileReference; fileEncoding = 4; lastKnownFileType = sourcecode.swift; path = SwiftHEXColors.swift; sourceTree = "<group>"; };
		84E07A7D212E5397000D6169 /* GroupsHeader.swift */ = {isa = PBXFileReference; lastKnownFileType = sourcecode.swift; path = GroupsHeader.swift; sourceTree = "<group>"; };
		84E07A80212E53B3000D6169 /* GroupsHeader.xib */ = {isa = PBXFileReference; lastKnownFileType = file.xib; path = GroupsHeader.xib; sourceTree = "<group>"; };
		84E07A82212E56A2000D6169 /* GroupsFriendsTableViewCell.swift */ = {isa = PBXFileReference; lastKnownFileType = sourcecode.swift; path = GroupsFriendsTableViewCell.swift; sourceTree = "<group>"; };
		84E07A84212E56F5000D6169 /* GroupsSecondTableViewCell.swift */ = {isa = PBXFileReference; lastKnownFileType = sourcecode.swift; path = GroupsSecondTableViewCell.swift; sourceTree = "<group>"; };
		84E07A86212E5B1B000D6169 /* Montserrat-ExtraLight.otf */ = {isa = PBXFileReference; lastKnownFileType = file; path = "Montserrat-ExtraLight.otf"; sourceTree = "<group>"; };
		84E07A89212E63BD000D6169 /* AlertViewController.swift */ = {isa = PBXFileReference; fileEncoding = 4; lastKnownFileType = sourcecode.swift; path = AlertViewController.swift; sourceTree = "<group>"; };
		84E07A8B212E63F4000D6169 /* BaseViewController.swift */ = {isa = PBXFileReference; fileEncoding = 4; lastKnownFileType = sourcecode.swift; path = BaseViewController.swift; sourceTree = "<group>"; };
		84E07C0F212F05E9000D6169 /* MessageKit.xcodeproj */ = {isa = PBXFileReference; lastKnownFileType = "wrapper.pb-project"; name = MessageKit.xcodeproj; path = "../../../../../../../../../../Users/admin/Downloads/MessageKit-master/MessageKit.xcodeproj"; sourceTree = "<group>"; };
		84E07C1C212F066F000D6169 /* MockMessage.swift */ = {isa = PBXFileReference; fileEncoding = 4; lastKnownFileType = sourcecode.swift; path = MockMessage.swift; sourceTree = "<group>"; };
		84E07C1E212F0689000D6169 /* SampleData.swift */ = {isa = PBXFileReference; fileEncoding = 4; lastKnownFileType = sourcecode.swift; path = SampleData.swift; sourceTree = "<group>"; };
		84E07C20212F06F0000D6169 /* Settings+UserDefaults.swift */ = {isa = PBXFileReference; fileEncoding = 4; lastKnownFileType = sourcecode.swift; path = "Settings+UserDefaults.swift"; sourceTree = "<group>"; };
		8BDA7E45B9BF4800CD271386 /* Pods_Milu.framework */ = {isa = PBXFileReference; explicitFileType = wrapper.framework; includeInIndex = 0; path = Pods_Milu.framework; sourceTree = BUILT_PRODUCTS_DIR; };
		A9E59AF38BAAA338CA2BE0DA /* Pods-Milu.release.xcconfig */ = {isa = PBXFileReference; includeInIndex = 1; lastKnownFileType = text.xcconfig; name = "Pods-Milu.release.xcconfig"; path = "Pods/Target Support Files/Pods-Milu/Pods-Milu.release.xcconfig"; sourceTree = "<group>"; };
		B5F64C43BEC82119A775A76D /* Pods-Milu.debug.xcconfig */ = {isa = PBXFileReference; includeInIndex = 1; lastKnownFileType = text.xcconfig; name = "Pods-Milu.debug.xcconfig"; path = "Pods/Target Support Files/Pods-Milu/Pods-Milu.debug.xcconfig"; sourceTree = "<group>"; };
/* End PBXFileReference section */

/* Begin PBXFrameworksBuildPhase section */
		8497F1C22123DD9600C7AC7F /* Frameworks */ = {
			isa = PBXFrameworksBuildPhase;
			buildActionMask = 2147483647;
			files = (
				84D9FCDA212B69810030F8AD /* KUIActionSheet.framework in Frameworks */,
				84E07C18212F0610000D6169 /* MessageKit.framework in Frameworks */,
				9EE7C9D428224A4B315AF72E /* Pods_Milu.framework in Frameworks */,
			);
			runOnlyForDeploymentPostprocessing = 0;
		};
		8497F1D62123DDA000C7AC7F /* Frameworks */ = {
			isa = PBXFrameworksBuildPhase;
			buildActionMask = 2147483647;
			files = (
			);
			runOnlyForDeploymentPostprocessing = 0;
		};
		8497F1E12123DDA000C7AC7F /* Frameworks */ = {
			isa = PBXFrameworksBuildPhase;
			buildActionMask = 2147483647;
			files = (
			);
			runOnlyForDeploymentPostprocessing = 0;
		};
/* End PBXFrameworksBuildPhase section */

/* Begin PBXGroup section */
		11A60FC46CB27FD5C4F79CC6 /* Pods */ = {
			isa = PBXGroup;
			children = (
				B5F64C43BEC82119A775A76D /* Pods-Milu.debug.xcconfig */,
				A9E59AF38BAAA338CA2BE0DA /* Pods-Milu.release.xcconfig */,
			);
			name = Pods;
			sourceTree = "<group>";
		};
		2E6D512DDDA692D111D92FC2 /* Frameworks */ = {
			isa = PBXGroup;
			children = (
				8BDA7E45B9BF4800CD271386 /* Pods_Milu.framework */,
			);
			name = Frameworks;
			sourceTree = "<group>";
		};
		840B51BD212DDC2300071D43 /* Profile */ = {
			isa = PBXGroup;
			children = (
				840B51BE212DDC3C00071D43 /* ProfileViewController.swift */,
				840B51C5212E015400071D43 /* ProfileEditViewController.swift */,
				840B51C7212E20DE00071D43 /* EditProfilePhotoViewController.swift */,
			);
			path = Profile;
			sourceTree = "<group>";
		};
		840B51C2212DF4DB00071D43 /* Connections */ = {
			isa = PBXGroup;
			children = (
				840B51E6212E471800071D43 /* ConnectionsHeader.xib */,
				840B51C3212DF75E00071D43 /* ConnectisCollectionViewCell.swift */,
				840B51E4212E422C00071D43 /* FollowingTableViewCell.swift */,
				840B51EA212E485200071D43 /* ConnectionsHeader.swift */,
				84E07A7D212E5397000D6169 /* GroupsHeader.swift */,
				84E07A80212E53B3000D6169 /* GroupsHeader.xib */,
				84E07A82212E56A2000D6169 /* GroupsFriendsTableViewCell.swift */,
				84E07A84212E56F5000D6169 /* GroupsSecondTableViewCell.swift */,
			);
			path = Connections;
			sourceTree = "<group>";
		};
		840B51D2212E331600071D43 /* Connections */ = {
			isa = PBXGroup;
			children = (
				840B51D4212E334100071D43 /* FollowersViewController.swift */,
				840B51D5212E334100071D43 /* FollowingViewController.swift */,
				840B51D3212E334100071D43 /* GroupsViewController.swift */,
				840B51D9212E33F900071D43 /* ConnectionsViewController.swift */,
			);
			path = Connections;
			sourceTree = "<group>";
		};
		840B51DB212E3FA800071D43 /* SCTableIndex */ = {
			isa = PBXGroup;
			children = (
				840B51DC212E3FA800071D43 /* LICENSE */,
				840B51DD212E3FA800071D43 /* README.md */,
				840B51DE212E3FA800071D43 /* SCTableIndex */,
			);
			path = SCTableIndex;
			sourceTree = "<group>";
		};
		840B51DE212E3FA800071D43 /* SCTableIndex */ = {
			isa = PBXGroup;
			children = (
				840B51DF212E3FA800071D43 /* Classes */,
			);
			path = SCTableIndex;
			sourceTree = "<group>";
		};
		840B51DF212E3FA800071D43 /* Classes */ = {
			isa = PBXGroup;
			children = (
				840B51E0212E3FA800071D43 /* SCTableIndex.swift */,
			);
			path = Classes;
			sourceTree = "<group>";
		};
		84202562212C59860050B5C8 /* Hosts */ = {
			isa = PBXGroup;
			children = (
				84202563212C59AC0050B5C8 /* AddHostsViewController.swift */,
			);
			path = Hosts;
			sourceTree = "<group>";
		};
		84202565212C65520050B5C8 /* Hosts */ = {
			isa = PBXGroup;
			children = (
				84202566212C656B0050B5C8 /* HostItemTableViewCell.swift */,
			);
			path = Hosts;
			sourceTree = "<group>";
		};
		84202568212C7B220050B5C8 /* Invite */ = {
			isa = PBXGroup;
			children = (
				84202569212C7B410050B5C8 /* AddInviteViewController.swift */,
			);
			path = Invite;
			sourceTree = "<group>";
		};
		84202605212CC9DE0050B5C8 /* ChatRoom */ = {
			isa = PBXGroup;
			children = (
				84202606212CC9F50050B5C8 /* ChatViewController.swift */,
				84D2CE7C212CE20800356CB0 /* ChatContainerViewController.swift */,
			);
			path = ChatRoom;
			sourceTree = "<group>";
		};
		8436145B212861C500760765 /* Tabbar */ = {
			isa = PBXGroup;
			children = (
				8436145C212861F100760765 /* BaseTabbarViewController.swift */,
			);
			path = Tabbar;
			sourceTree = "<group>";
		};
		843614602128A03100760765 /* Cells */ = {
			isa = PBXGroup;
			children = (
				840B51C2212DF4DB00071D43 /* Connections */,
				84202565212C65520050B5C8 /* Hosts */,
				84D9FCE7212B9E4A0030F8AD /* Repeats */,
				84D9FCC4212B17AA0030F8AD /* GuestsList */,
				8436148B2129E12500760765 /* EventEdit */,
				843614612128A03D00760765 /* EventHost */,
			);
			path = Cells;
			sourceTree = "<group>";
		};
		843614612128A03D00760765 /* EventHost */ = {
			isa = PBXGroup;
			children = (
				843614622128A09B00760765 /* EventHostHeaderTableViewCell.swift */,
				84361472212904C000760765 /* EventTitleCell.swift */,
				8436146D2128FB6B00760765 /* EventTImeCell.swift */,
				8436147421290AE300760765 /* GoingTableViewCell.swift */,
				843614762129175300760765 /* EventCalendarCell.swift */,
				843614782129185E00760765 /* EventLocationCell.swift */,
				8436147A21291F9100760765 /* MapTableViewCell.swift */,
				8436147C212999F400760765 /* HostedbyCell.swift */,
				8436147E21299E4C00760765 /* EventDescriptionCell.swift */,
				843614802129A27800760765 /* GoingPeopleCollectionViewCell.swift */,
				843614822129A44C00760765 /* GoingPeopleTableViewCell.swift */,
				843614842129BEFA00760765 /* EventMoreTableViewCell.swift */,
				843614862129BFE300760765 /* MoreItemCell.swift */,
			);
			path = EventHost;
			sourceTree = "<group>";
		};
		843614642128DFFD00760765 /* EventHost */ = {
			isa = PBXGroup;
			children = (
				843614652128E02500760765 /* EventHostViewController.swift */,
				843614682128E97100760765 /* HeaderReusableView.swift */,
			);
			path = EventHost;
			sourceTree = "<group>";
		};
		843614882129D69800760765 /* EditEvent */ = {
			isa = PBXGroup;
			children = (
				843614892129D6BF00760765 /* EventEditViewController.swift */,
			);
			path = EditEvent;
			sourceTree = "<group>";
		};
		8436148B2129E12500760765 /* EventEdit */ = {
			isa = PBXGroup;
			children = (
				8436148C2129E15500760765 /* AddHeaderPhotoCell.swift */,
				8436148E2129E4A000760765 /* EventPhotoCell.swift */,
				843614902129F30A00760765 /* TitleCell.swift */,
				84361498212A0D1F00760765 /* AddressCell.swift */,
				8436149A212A191900760765 /* AllDayCell.swift */,
				8436149C212A1F5100760765 /* StartsCell.swift */,
				8436149E212A32A900760765 /* DurationCell.swift */,
				843614A4212A694300760765 /* RepeatCell.swift */,
				843614A6212A6B9700760765 /* HostCell.swift */,
				843614A9212A71A200760765 /* DescriptionCell.swift */,
				843614AB212AF2D200760765 /* InviteCell.swift */,
				843614AD212AF50800760765 /* PrivateCell.swift */,
				843614AF212AF6B400760765 /* AllowCell.swift */,
				843614B1212AF85600760765 /* SavebuttonCell.swift */,
			);
			path = EventEdit;
			sourceTree = "<group>";
		};
		843614932129F4A800760765 /* CustomClass */ = {
			isa = PBXGroup;
			children = (
				84E07C20212F06F0000D6169 /* Settings+UserDefaults.swift */,
				84E07C1E212F0689000D6169 /* SampleData.swift */,
				84E07C1C212F066F000D6169 /* MockMessage.swift */,
				84E07C0F212F05E9000D6169 /* MessageKit.xcodeproj */,
				843614942129F4C000760765 /* TPKeyboardAvoidingSwift */,
			);
			path = CustomClass;
			sourceTree = "<group>";
		};
		843614942129F4C000760765 /* TPKeyboardAvoidingSwift */ = {
			isa = PBXGroup;
			children = (
				843614952129F4C000760765 /* Classes */,
			);
			path = TPKeyboardAvoidingSwift;
			sourceTree = "<group>";
		};
		843614952129F4C000760765 /* Classes */ = {
			isa = PBXGroup;
			children = (
				843614962129F4C000760765 /* TPKeyboardAvoidingSwift.swift */,
			);
			path = Classes;
			sourceTree = "<group>";
		};
		843614A0212A43D400760765 /* Views */ = {
			isa = PBXGroup;
			children = (
				84CDEC57212F57D000A76B5D /* TableIndex */,
				840B51DB212E3FA800071D43 /* SCTableIndex */,
				840B51C0212DE37900071D43 /* JYBounceHeader.swift */,
				84D9FD31212BB59D0030F8AD /* PaddingLabel.swift */,
				84D9FD1F212BB55B0030F8AD /* UIView+JMFrame */,
				84D9FD0C212BB1710030F8AD /* NSDate-Escort */,
				84D9FCF2212BB0E40030F8AD /* MJCalendar */,
				84D9FCCA212B27B70030F8AD /* EditCoverPhoto */,
				843614A1212A43E000760765 /* TimePickerView.swift */,
				84202560212C53C30050B5C8 /* CustomPicker.swift */,
			);
			path = Views;
			sourceTree = "<group>";
		};
		8497F1BC2123DD9600C7AC7F = {
			isa = PBXGroup;
			children = (
				84D9FD1E212BB27D0030F8AD /* Milu-Bridging-Header.h */,
				84D9FCD1212B68440030F8AD /* KUIActionSheet.xcodeproj */,
				8497F1C72123DD9600C7AC7F /* Milu */,
				8497F1DC2123DDA000C7AC7F /* MiluTests */,
				8497F1E72123DDA000C7AC7F /* MiluUITests */,
				8497F1C62123DD9600C7AC7F /* Products */,
				11A60FC46CB27FD5C4F79CC6 /* Pods */,
				2E6D512DDDA692D111D92FC2 /* Frameworks */,
			);
			sourceTree = "<group>";
		};
		8497F1C62123DD9600C7AC7F /* Products */ = {
			isa = PBXGroup;
			children = (
				8497F1C52123DD9600C7AC7F /* Milu.app */,
				8497F1D92123DDA000C7AC7F /* MiluTests.xctest */,
				8497F1E42123DDA000C7AC7F /* MiluUITests.xctest */,
			);
			name = Products;
			sourceTree = "<group>";
		};
		8497F1C72123DD9600C7AC7F /* Milu */ = {
			isa = PBXGroup;
			children = (
				843614A0212A43D400760765 /* Views */,
				843614932129F4A800760765 /* CustomClass */,
				843614602128A03100760765 /* Cells */,
				8497F1D42123DD9F00C7AC7F /* Info.plist */,
				8497F1FA2123DDFA00C7AC7F /* ViewControllers */,
				8497F1F92123DDE500C7AC7F /* App */,
				8497F1F62123DDB300C7AC7F /* Resources */,
			);
			path = Milu;
			sourceTree = "<group>";
		};
		8497F1DC2123DDA000C7AC7F /* MiluTests */ = {
			isa = PBXGroup;
			children = (
				8497F1DD2123DDA000C7AC7F /* MiluTests.swift */,
				8497F1DF2123DDA000C7AC7F /* Info.plist */,
			);
			path = MiluTests;
			sourceTree = "<group>";
		};
		8497F1E72123DDA000C7AC7F /* MiluUITests */ = {
			isa = PBXGroup;
			children = (
				8497F1E82123DDA000C7AC7F /* MiluUITests.swift */,
				8497F1EA2123DDA000C7AC7F /* Info.plist */,
			);
			path = MiluUITests;
			sourceTree = "<group>";
		};
		8497F1F62123DDB300C7AC7F /* Resources */ = {
			isa = PBXGroup;
			children = (
				8497F2052127516F00C7AC7F /* Fonts */,
				8497F1F82123DDD300C7AC7F /* Images */,
				8497F1F72123DDBC00C7AC7F /* Storyboards */,
			);
			path = Resources;
			sourceTree = "<group>";
		};
		8497F1F72123DDBC00C7AC7F /* Storyboards */ = {
			isa = PBXGroup;
			children = (
				8497F1CC2123DD9600C7AC7F /* Main.storyboard */,
				8497F1D12123DD9F00C7AC7F /* LaunchScreen.storyboard */,
				840B51B9212DD69500071D43 /* Profile.storyboard */,
			);
			path = Storyboards;
			sourceTree = "<group>";
		};
		8497F1F82123DDD300C7AC7F /* Images */ = {
			isa = PBXGroup;
			children = (
				8497F1CF2123DD9F00C7AC7F /* Assets.xcassets */,
			);
			path = Images;
			sourceTree = "<group>";
		};
		8497F1F92123DDE500C7AC7F /* App */ = {
			isa = PBXGroup;
			children = (
				8436146B2128FA0700760765 /* BMUIViewController.swift */,
				84D9FD33212BB9A60030F8AD /* SwiftHEXColors.swift */,
				8497F1C82123DD9600C7AC7F /* AppDelegate.swift */,
			);
			path = App;
			sourceTree = "<group>";
		};
		8497F1FA2123DDFA00C7AC7F /* ViewControllers */ = {
			isa = PBXGroup;
			children = (
				840B51D2212E331600071D43 /* Connections */,
				840B51BD212DDC2300071D43 /* Profile */,
				84202605212CC9DE0050B5C8 /* ChatRoom */,
				84202568212C7B220050B5C8 /* Invite */,
				84202562212C59860050B5C8 /* Hosts */,
				84D9FCE1212B7FE00030F8AD /* Repeat */,
				84D9FCC7212B26DC0030F8AD /* EditCoverPhoto */,
				84D9FCBB212AFF410030F8AD /* GuestList */,
				843614882129D69800760765 /* EditEvent */,
				843614642128DFFD00760765 /* EventHost */,
				8436145B212861C500760765 /* Tabbar */,
				8497F2082127537F00C7AC7F /* Splash */,
			);
			path = ViewControllers;
			sourceTree = "<group>";
		};
		8497F2052127516F00C7AC7F /* Fonts */ = {
			isa = PBXGroup;
			children = (
				84E07A86212E5B1B000D6169 /* Montserrat-ExtraLight.otf */,
				8497F2072127526800C7AC7F /* Montserrat-Bold.otf */,
				8436146A2128F85000760765 /* Montserrat-Light.otf */,
				8497F2062127518F00C7AC7F /* Montserrat-Regular.otf */,
			);
			path = Fonts;
			sourceTree = "<group>";
		};
		8497F2082127537F00C7AC7F /* Splash */ = {
			isa = PBXGroup;
			children = (
				84E07A8B212E63F4000D6169 /* BaseViewController.swift */,
				84E07A89212E63BD000D6169 /* AlertViewController.swift */,
				8497F1CA2123DD9600C7AC7F /* SplashViewController.swift */,
				8436145E2128647E00760765 /* SigninViewController.swift */,
			);
			path = Splash;
			sourceTree = "<group>";
		};
		84CDEC57212F57D000A76B5D /* TableIndex */ = {
			isa = PBXGroup;
			children = (
				84CDEC5A212F583400A76B5D /* DataSources.swift */,
				84CDEC5C212F592500A76B5D /* IndexDataSources.swift */,
				84CDEC58212F57E000A76B5D /* Examples.swift */,
			);
			path = TableIndex;
			sourceTree = "<group>";
		};
		84D9FCBB212AFF410030F8AD /* GuestList */ = {
			isa = PBXGroup;
			children = (
				84D9FCBC212AFF700030F8AD /* GuestListContainerViewController.swift */,
				84D9FCBE212B11E70030F8AD /* GoingViewController.swift */,
				84D9FCC0212B11FF0030F8AD /* MaybeViewController.swift */,
				84D9FCC2212B120B0030F8AD /* NopeViewController.swift */,
			);
			path = GuestList;
			sourceTree = "<group>";
		};
		84D9FCC4212B17AA0030F8AD /* GuestsList */ = {
			isa = PBXGroup;
			children = (
				84D9FCC5212B17DD0030F8AD /* GuestTableViewCell.swift */,
			);
			path = GuestsList;
			sourceTree = "<group>";
		};
		84D9FCC7212B26DC0030F8AD /* EditCoverPhoto */ = {
			isa = PBXGroup;
			children = (
				84D9FCC8212B26FC0030F8AD /* EditCoverPhotoViewController.swift */,
			);
			path = EditCoverPhoto;
			sourceTree = "<group>";
		};
		84D9FCCA212B27B70030F8AD /* EditCoverPhoto */ = {
			isa = PBXGroup;
			children = (
				84D9FCCB212B27D20030F8AD /* KARectCropCutterView.swift */,
				84D9FCCC212B27D20030F8AD /* KARectCropScrollView.swift */,
				840B51C9212E21F900071D43 /* KACircleCropCutterView.swift */,
			);
			path = EditCoverPhoto;
			sourceTree = "<group>";
		};
		84D9FCD2212B68440030F8AD /* Products */ = {
			isa = PBXGroup;
			children = (
				84D9FCD7212B68440030F8AD /* KUIActionSheet.framework */,
				84D9FCD9212B68440030F8AD /* KUIActionSheetTests.xctest */,
			);
			name = Products;
			sourceTree = "<group>";
		};
		84D9FCE1212B7FE00030F8AD /* Repeat */ = {
			isa = PBXGroup;
			children = (
				84D9FCE2212B7FF80030F8AD /* RepeatViewController.swift */,
				84D9FCE5212B9BE50030F8AD /* RepeatDayIntervalViewController.swift */,
				84D9FCEA212BA58B0030F8AD /* RepeatWeekIntervalViewController.swift */,
				84D9FCEC212BA6F70030F8AD /* RepeatMonthIntervalViewController.swift */,
				84D9FCEE212BA7EC0030F8AD /* RepeatYearIntervalViewController.swift */,
				84D9FCF0212BABC30030F8AD /* RepeatUntilViewController.swift */,
				8420255B212C44900050B5C8 /* RepeatWeekDaysViewController.swift */,
				8420255E212C48EC0050B5C8 /* RepeatMonthDaysViewController.swift */,
			);
			path = Repeat;
			sourceTree = "<group>";
		};
		84D9FCE7212B9E4A0030F8AD /* Repeats */ = {
			isa = PBXGroup;
			children = (
				84D9FCE8212B9E770030F8AD /* RepeatIntervalTableViewCell.swift */,
			);
			path = Repeats;
			sourceTree = "<group>";
		};
		84D9FCF2212BB0E40030F8AD /* MJCalendar */ = {
			isa = PBXGroup;
			children = (
				84D9FCF3212BB0E40030F8AD /* Classes */,
				84D9FCFB212BB0E40030F8AD /* Support */,
			);
			path = MJCalendar;
			sourceTree = "<group>";
		};
		84D9FCF3212BB0E40030F8AD /* Classes */ = {
			isa = PBXGroup;
			children = (
				84D9FCF4212BB0E40030F8AD /* MJCalendarView.swift */,
				84D9FCF5212BB0E40030F8AD /* MJComponentView.swift */,
				84D9FCF6212BB0E40030F8AD /* MJConfiguration.swift */,
				84D9FCF7212BB0E40030F8AD /* MJDayView.swift */,
				84D9FCF8212BB0E40030F8AD /* MJPeriodView.swift */,
				84D9FCF9212BB0E40030F8AD /* MJWeekLabelsView.swift */,
				84D9FCFA212BB0E40030F8AD /* MJWeekView.swift */,
			);
			path = Classes;
			sourceTree = "<group>";
		};
		84D9FCFB212BB0E40030F8AD /* Support */ = {
			isa = PBXGroup;
			children = (
				84D9FCFC212BB0E40030F8AD /* Info.plist */,
				84D9FCFD212BB0E40030F8AD /* MJCalendar-dummy.m */,
				84D9FCFE212BB0E40030F8AD /* MJCalendar-prefix.pch */,
				84D9FCFF212BB0E40030F8AD /* MJCalendar-umbrella.h */,
				84D9FD00212BB0E40030F8AD /* MJCalendar.modulemap */,
				84D9FD01212BB0E40030F8AD /* MJCalendar.xcconfig */,
			);
			path = Support;
			sourceTree = "<group>";
		};
		84D9FD0C212BB1710030F8AD /* NSDate-Escort */ = {
			isa = PBXGroup;
			children = (
				84D9FD0D212BB1710030F8AD /* Info.plist */,
				84D9FD0E212BB1710030F8AD /* LICENSE */,
				84D9FD0F212BB1710030F8AD /* NSDate-Escort */,
				84D9FD12212BB1710030F8AD /* NSDate-Escort-dummy.m */,
				84D9FD13212BB1710030F8AD /* NSDate-Escort-prefix.pch */,
				84D9FD14212BB1710030F8AD /* NSDate-Escort-umbrella.h */,
				84D9FD15212BB1710030F8AD /* NSDate-Escort.modulemap */,
				84D9FD16212BB1710030F8AD /* NSDate-Escort.xcconfig */,
				84D9FD17212BB1710030F8AD /* README.md */,
			);
			path = "NSDate-Escort";
			sourceTree = "<group>";
		};
		84D9FD0F212BB1710030F8AD /* NSDate-Escort */ = {
			isa = PBXGroup;
			children = (
				84D9FD10212BB1710030F8AD /* NSDate+Escort.h */,
				84D9FD11212BB1710030F8AD /* NSDate+Escort.m */,
			);
			path = "NSDate-Escort";
			sourceTree = "<group>";
		};
		84D9FD1F212BB55B0030F8AD /* UIView+JMFrame */ = {
			isa = PBXGroup;
			children = (
				84D9FD20212BB55B0030F8AD /* Info.plist */,
				84D9FD21212BB55B0030F8AD /* LICENSE.md */,
				84D9FD22212BB55B0030F8AD /* README.md */,
				84D9FD23212BB55B0030F8AD /* UIView+JMFrame */,
				84D9FD26212BB55B0030F8AD /* UIView+JMFrame-dummy.m */,
				84D9FD27212BB55B0030F8AD /* UIView+JMFrame-prefix.pch */,
				84D9FD28212BB55B0030F8AD /* UIView+JMFrame-umbrella.h */,
				84D9FD29212BB55B0030F8AD /* UIView+JMFrame.modulemap */,
				84D9FD2A212BB55B0030F8AD /* UIView+JMFrame.xcconfig */,
			);
			path = "UIView+JMFrame";
			sourceTree = "<group>";
		};
		84D9FD23212BB55B0030F8AD /* UIView+JMFrame */ = {
			isa = PBXGroup;
			children = (
				84D9FD24212BB55B0030F8AD /* UIView+JMFrame.h */,
				84D9FD25212BB55B0030F8AD /* UIView+JMFrame.m */,
			);
			path = "UIView+JMFrame";
			sourceTree = "<group>";
		};
		84E07C10212F05E9000D6169 /* Products */ = {
			isa = PBXGroup;
			children = (
				84E07C15212F05E9000D6169 /* MessageKit.framework */,
				84E07C17212F05E9000D6169 /* MessageKitTests.xctest */,
			);
			name = Products;
			sourceTree = "<group>";
		};
/* End PBXGroup section */

/* Begin PBXNativeTarget section */
		8497F1C42123DD9600C7AC7F /* Milu */ = {
			isa = PBXNativeTarget;
			buildConfigurationList = 8497F1ED2123DDA000C7AC7F /* Build configuration list for PBXNativeTarget "Milu" */;
			buildPhases = (
				2931A5AC193D01577067C293 /* [CP] Check Pods Manifest.lock */,
				8497F1C12123DD9600C7AC7F /* Sources */,
				8497F1C22123DD9600C7AC7F /* Frameworks */,
				8497F1C32123DD9600C7AC7F /* Resources */,
				DD09F68A02E4DBA05913F0C7 /* [CP] Embed Pods Frameworks */,
				7372AFB0F9FCA25E9DE51BC6 /* [CP] Copy Pods Resources */,
				84D9FCDE212B69810030F8AD /* Embed Frameworks */,
			);
			buildRules = (
			);
			dependencies = (
				84D9FCDD212B69810030F8AD /* PBXTargetDependency */,
				84E07C1B212F0610000D6169 /* PBXTargetDependency */,
			);
			name = Milu;
			productName = Milu;
			productReference = 8497F1C52123DD9600C7AC7F /* Milu.app */;
			productType = "com.apple.product-type.application";
		};
		8497F1D82123DDA000C7AC7F /* MiluTests */ = {
			isa = PBXNativeTarget;
			buildConfigurationList = 8497F1F02123DDA000C7AC7F /* Build configuration list for PBXNativeTarget "MiluTests" */;
			buildPhases = (
				8497F1D52123DDA000C7AC7F /* Sources */,
				8497F1D62123DDA000C7AC7F /* Frameworks */,
				8497F1D72123DDA000C7AC7F /* Resources */,
			);
			buildRules = (
			);
			dependencies = (
				8497F1DB2123DDA000C7AC7F /* PBXTargetDependency */,
			);
			name = MiluTests;
			productName = MiluTests;
			productReference = 8497F1D92123DDA000C7AC7F /* MiluTests.xctest */;
			productType = "com.apple.product-type.bundle.unit-test";
		};
		8497F1E32123DDA000C7AC7F /* MiluUITests */ = {
			isa = PBXNativeTarget;
			buildConfigurationList = 8497F1F32123DDA000C7AC7F /* Build configuration list for PBXNativeTarget "MiluUITests" */;
			buildPhases = (
				8497F1E02123DDA000C7AC7F /* Sources */,
				8497F1E12123DDA000C7AC7F /* Frameworks */,
				8497F1E22123DDA000C7AC7F /* Resources */,
			);
			buildRules = (
			);
			dependencies = (
				8497F1E62123DDA000C7AC7F /* PBXTargetDependency */,
			);
			name = MiluUITests;
			productName = MiluUITests;
			productReference = 8497F1E42123DDA000C7AC7F /* MiluUITests.xctest */;
			productType = "com.apple.product-type.bundle.ui-testing";
		};
/* End PBXNativeTarget section */

/* Begin PBXProject section */
		8497F1BD2123DD9600C7AC7F /* Project object */ = {
			isa = PBXProject;
			attributes = {
				LastSwiftUpdateCheck = 0940;
				LastUpgradeCheck = 0940;
				ORGANIZATIONNAME = Admintest;
				TargetAttributes = {
					8497F1C42123DD9600C7AC7F = {
						CreatedOnToolsVersion = 9.4.1;
					};
					8497F1D82123DDA000C7AC7F = {
						CreatedOnToolsVersion = 9.4.1;
						TestTargetID = 8497F1C42123DD9600C7AC7F;
					};
					8497F1E32123DDA000C7AC7F = {
						CreatedOnToolsVersion = 9.4.1;
						TestTargetID = 8497F1C42123DD9600C7AC7F;
					};
				};
			};
			buildConfigurationList = 8497F1C02123DD9600C7AC7F /* Build configuration list for PBXProject "Milu" */;
			compatibilityVersion = "Xcode 9.3";
			developmentRegion = en;
			hasScannedForEncodings = 0;
			knownRegions = (
				en,
				Base,
			);
			mainGroup = 8497F1BC2123DD9600C7AC7F;
			productRefGroup = 8497F1C62123DD9600C7AC7F /* Products */;
			projectDirPath = "";
			projectReferences = (
				{
					ProductGroup = 84D9FCD2212B68440030F8AD /* Products */;
					ProjectRef = 84D9FCD1212B68440030F8AD /* KUIActionSheet.xcodeproj */;
				},
				{
					ProductGroup = 84E07C10212F05E9000D6169 /* Products */;
					ProjectRef = 84E07C0F212F05E9000D6169 /* MessageKit.xcodeproj */;
				},
			);
			projectRoot = "";
			targets = (
				8497F1C42123DD9600C7AC7F /* Milu */,
				8497F1D82123DDA000C7AC7F /* MiluTests */,
				8497F1E32123DDA000C7AC7F /* MiluUITests */,
			);
		};
/* End PBXProject section */

/* Begin PBXReferenceProxy section */
		84D9FCD7212B68440030F8AD /* KUIActionSheet.framework */ = {
			isa = PBXReferenceProxy;
			fileType = wrapper.framework;
			path = KUIActionSheet.framework;
			remoteRef = 84D9FCD6212B68440030F8AD /* PBXContainerItemProxy */;
			sourceTree = BUILT_PRODUCTS_DIR;
		};
		84D9FCD9212B68440030F8AD /* KUIActionSheetTests.xctest */ = {
			isa = PBXReferenceProxy;
			fileType = wrapper.cfbundle;
			path = KUIActionSheetTests.xctest;
			remoteRef = 84D9FCD8212B68440030F8AD /* PBXContainerItemProxy */;
			sourceTree = BUILT_PRODUCTS_DIR;
		};
		84E07C15212F05E9000D6169 /* MessageKit.framework */ = {
			isa = PBXReferenceProxy;
			fileType = wrapper.framework;
			path = MessageKit.framework;
			remoteRef = 84E07C14212F05E9000D6169 /* PBXContainerItemProxy */;
			sourceTree = BUILT_PRODUCTS_DIR;
		};
		84E07C17212F05E9000D6169 /* MessageKitTests.xctest */ = {
			isa = PBXReferenceProxy;
			fileType = wrapper.cfbundle;
			path = MessageKitTests.xctest;
			remoteRef = 84E07C16212F05E9000D6169 /* PBXContainerItemProxy */;
			sourceTree = BUILT_PRODUCTS_DIR;
		};
/* End PBXReferenceProxy section */

/* Begin PBXResourcesBuildPhase section */
		8497F1C32123DD9600C7AC7F /* Resources */ = {
			isa = PBXResourcesBuildPhase;
			buildActionMask = 2147483647;
			files = (
				84E07A87212E5B75000D6169 /* Montserrat-ExtraLight.otf in Resources */,
				840B51E7212E471800071D43 /* ConnectionsHeader.xib in Resources */,
				8436146F2129037000760765 /* Montserrat-Bold.otf in Resources */,
				843614702129037000760765 /* Montserrat-Light.otf in Resources */,
				84D9FD18212BB1710030F8AD /* Info.plist in Resources */,
				840B51E2212E3FA900071D43 /* README.md in Resources */,
				843614712129037000760765 /* Montserrat-Regular.otf in Resources */,
				84D9FD19212BB1710030F8AD /* LICENSE in Resources */,
				84D9FD0B212BB0E40030F8AD /* MJCalendar.xcconfig in Resources */,
				84D9FD2C212BB55B0030F8AD /* LICENSE.md in Resources */,
				84D9FD1D212BB1710030F8AD /* README.md in Resources */,
				840B51E1212E3FA900071D43 /* LICENSE in Resources */,
				8497F1D32123DD9F00C7AC7F /* LaunchScreen.storyboard in Resources */,
				84D9FD1C212BB1710030F8AD /* NSDate-Escort.xcconfig in Resources */,
				8497F1D02123DD9F00C7AC7F /* Assets.xcassets in Resources */,
				84E07A81212E53B3000D6169 /* GroupsHeader.xib in Resources */,
				8497F1CE2123DD9600C7AC7F /* Main.storyboard in Resources */,
				84D9FD30212BB55B0030F8AD /* UIView+JMFrame.xcconfig in Resources */,
				84D9FD2D212BB55B0030F8AD /* README.md in Resources */,
				840B51BB212DD69500071D43 /* Profile.storyboard in Resources */,
				84D9FD09212BB0E40030F8AD /* Info.plist in Resources */,
				84D9FD2B212BB55B0030F8AD /* Info.plist in Resources */,
			);
			runOnlyForDeploymentPostprocessing = 0;
		};
		8497F1D72123DDA000C7AC7F /* Resources */ = {
			isa = PBXResourcesBuildPhase;
			buildActionMask = 2147483647;
			files = (
			);
			runOnlyForDeploymentPostprocessing = 0;
		};
		8497F1E22123DDA000C7AC7F /* Resources */ = {
			isa = PBXResourcesBuildPhase;
			buildActionMask = 2147483647;
			files = (
			);
			runOnlyForDeploymentPostprocessing = 0;
		};
/* End PBXResourcesBuildPhase section */

/* Begin PBXShellScriptBuildPhase section */
		2931A5AC193D01577067C293 /* [CP] Check Pods Manifest.lock */ = {
			isa = PBXShellScriptBuildPhase;
			buildActionMask = 2147483647;
			files = (
			);
			inputPaths = (
				"${PODS_PODFILE_DIR_PATH}/Podfile.lock",
				"${PODS_ROOT}/Manifest.lock",
			);
			name = "[CP] Check Pods Manifest.lock";
			outputPaths = (
				"$(DERIVED_FILE_DIR)/Pods-Milu-checkManifestLockResult.txt",
			);
			runOnlyForDeploymentPostprocessing = 0;
			shellPath = /bin/sh;
			shellScript = "diff \"${PODS_PODFILE_DIR_PATH}/Podfile.lock\" \"${PODS_ROOT}/Manifest.lock\" > /dev/null\nif [ $? != 0 ] ; then\n    # print error to STDERR\n    echo \"error: The sandbox is not in sync with the Podfile.lock. Run 'pod install' or update your CocoaPods installation.\" >&2\n    exit 1\nfi\n# This output is used by Xcode 'outputs' to avoid re-running this script phase.\necho \"SUCCESS\" > \"${SCRIPT_OUTPUT_FILE_0}\"\n";
			showEnvVarsInLog = 0;
		};
		7372AFB0F9FCA25E9DE51BC6 /* [CP] Copy Pods Resources */ = {
			isa = PBXShellScriptBuildPhase;
			buildActionMask = 2147483647;
			files = (
			);
			inputPaths = (
				"${SRCROOT}/Pods/Target Support Files/Pods-Milu/Pods-Milu-resources.sh",
				"${PODS_ROOT}/GoogleMaps/Maps/Frameworks/GoogleMaps.framework/Resources/GoogleMaps.bundle",
			);
			name = "[CP] Copy Pods Resources";
			outputPaths = (
				"${TARGET_BUILD_DIR}/${UNLOCALIZED_RESOURCES_FOLDER_PATH}/GoogleMaps.bundle",
			);
			runOnlyForDeploymentPostprocessing = 0;
			shellPath = /bin/sh;
			shellScript = "\"${SRCROOT}/Pods/Target Support Files/Pods-Milu/Pods-Milu-resources.sh\"\n";
			showEnvVarsInLog = 0;
		};
		DD09F68A02E4DBA05913F0C7 /* [CP] Embed Pods Frameworks */ = {
			isa = PBXShellScriptBuildPhase;
			buildActionMask = 2147483647;
			files = (
			);
			inputPaths = (
				"${SRCROOT}/Pods/Target Support Files/Pods-Milu/Pods-Milu-frameworks.sh",
				"${BUILT_PRODUCTS_DIR}/APAvatarImageView/APAvatarImageView.framework",
				"${BUILT_PRODUCTS_DIR}/Alamofire/Alamofire.framework",
				"${BUILT_PRODUCTS_DIR}/AvatarImageView/AvatarImageView.framework",
				"${BUILT_PRODUCTS_DIR}/HexColors/HexColors.framework",
				"${BUILT_PRODUCTS_DIR}/MBProgressHUD/MBProgressHUD.framework",
				"${BUILT_PRODUCTS_DIR}/MYTableViewIndex/MYTableViewIndex.framework",
				"${BUILT_PRODUCTS_DIR}/MultilineTextField/MultilineTextField.framework",
				"${BUILT_PRODUCTS_DIR}/NVActivityIndicatorView/NVActivityIndicatorView.framework",
				"${BUILT_PRODUCTS_DIR}/SDWebImage/SDWebImage.framework",
				"${BUILT_PRODUCTS_DIR}/SMPageControl/SMPageControl.framework",
				"${BUILT_PRODUCTS_DIR}/SevenSwitch/SevenSwitch.framework",
			);
			name = "[CP] Embed Pods Frameworks";
			outputPaths = (
				"${TARGET_BUILD_DIR}/${FRAMEWORKS_FOLDER_PATH}/APAvatarImageView.framework",
				"${TARGET_BUILD_DIR}/${FRAMEWORKS_FOLDER_PATH}/Alamofire.framework",
				"${TARGET_BUILD_DIR}/${FRAMEWORKS_FOLDER_PATH}/AvatarImageView.framework",
				"${TARGET_BUILD_DIR}/${FRAMEWORKS_FOLDER_PATH}/HexColors.framework",
				"${TARGET_BUILD_DIR}/${FRAMEWORKS_FOLDER_PATH}/MBProgressHUD.framework",
				"${TARGET_BUILD_DIR}/${FRAMEWORKS_FOLDER_PATH}/MYTableViewIndex.framework",
				"${TARGET_BUILD_DIR}/${FRAMEWORKS_FOLDER_PATH}/MultilineTextField.framework",
				"${TARGET_BUILD_DIR}/${FRAMEWORKS_FOLDER_PATH}/NVActivityIndicatorView.framework",
				"${TARGET_BUILD_DIR}/${FRAMEWORKS_FOLDER_PATH}/SDWebImage.framework",
				"${TARGET_BUILD_DIR}/${FRAMEWORKS_FOLDER_PATH}/SMPageControl.framework",
				"${TARGET_BUILD_DIR}/${FRAMEWORKS_FOLDER_PATH}/SevenSwitch.framework",
			);
			runOnlyForDeploymentPostprocessing = 0;
			shellPath = /bin/sh;
			shellScript = "\"${SRCROOT}/Pods/Target Support Files/Pods-Milu/Pods-Milu-frameworks.sh\"\n";
			showEnvVarsInLog = 0;
		};
/* End PBXShellScriptBuildPhase section */

/* Begin PBXSourcesBuildPhase section */
		8497F1C12123DD9600C7AC7F /* Sources */ = {
			isa = PBXSourcesBuildPhase;
			buildActionMask = 2147483647;
			files = (
				8436149F212A32A900760765 /* DurationCell.swift in Sources */,
				843614AE212AF50800760765 /* PrivateCell.swift in Sources */,
				84D9FD05212BB0E40030F8AD /* MJDayView.swift in Sources */,
				84E07C1D212F066F000D6169 /* MockMessage.swift in Sources */,
				84D9FD34212BB9A60030F8AD /* SwiftHEXColors.swift in Sources */,
				8436145F2128647E00760765 /* SigninViewController.swift in Sources */,
				84D9FCC9212B26FC0030F8AD /* EditCoverPhotoViewController.swift in Sources */,
				8436148A2129D6BF00760765 /* EventEditViewController.swift in Sources */,
				84361473212904C000760765 /* EventTitleCell.swift in Sources */,
				84D9FCCE212B27D20030F8AD /* KARectCropScrollView.swift in Sources */,
				84D9FD07212BB0E40030F8AD /* MJWeekLabelsView.swift in Sources */,
				843614632128A09B00760765 /* EventHostHeaderTableViewCell.swift in Sources */,
				840B51D7212E334100071D43 /* FollowersViewController.swift in Sources */,
				84D9FCC6212B17DD0030F8AD /* GuestTableViewCell.swift in Sources */,
				8436146E2128FB6B00760765 /* EventTImeCell.swift in Sources */,
				840B51BF212DDC3C00071D43 /* ProfileViewController.swift in Sources */,
				8436145D212861F100760765 /* BaseTabbarViewController.swift in Sources */,
				84202561212C53C30050B5C8 /* CustomPicker.swift in Sources */,
				8420256A212C7B410050B5C8 /* AddInviteViewController.swift in Sources */,
				84CDEC5D212F592500A76B5D /* IndexDataSources.swift in Sources */,
				840B51C8212E20DE00071D43 /* EditProfilePhotoViewController.swift in Sources */,
				840B51EB212E485200071D43 /* ConnectionsHeader.swift in Sources */,
				84D9FCE6212B9BE50030F8AD /* RepeatDayIntervalViewController.swift in Sources */,
				843614A7212A6B9700760765 /* HostCell.swift in Sources */,
				840B51DA212E33F900071D43 /* ConnectionsViewController.swift in Sources */,
				840B51C6212E015400071D43 /* ProfileEditViewController.swift in Sources */,
				84E07A7E212E5397000D6169 /* GroupsHeader.swift in Sources */,
				840B51E5212E422C00071D43 /* FollowingTableViewCell.swift in Sources */,
				84E07C21212F06F0000D6169 /* Settings+UserDefaults.swift in Sources */,
				84D2CE7D212CE20800356CB0 /* ChatContainerViewController.swift in Sources */,
				843614692128E97100760765 /* HeaderReusableView.swift in Sources */,
				84D9FCEB212BA58B0030F8AD /* RepeatWeekIntervalViewController.swift in Sources */,
				8436148F2129E4A000760765 /* EventPhotoCell.swift in Sources */,
				84D9FD06212BB0E40030F8AD /* MJPeriodView.swift in Sources */,
				843614772129175300760765 /* EventCalendarCell.swift in Sources */,
				84D9FCBF212B11E80030F8AD /* GoingViewController.swift in Sources */,
				843614852129BEFA00760765 /* EventMoreTableViewCell.swift in Sources */,
				843614AC212AF2D200760765 /* InviteCell.swift in Sources */,
				840B51E3212E3FA900071D43 /* SCTableIndex.swift in Sources */,
				840B51C4212DF75E00071D43 /* ConnectisCollectionViewCell.swift in Sources */,
				84D9FD1B212BB1710030F8AD /* NSDate-Escort-dummy.m in Sources */,
				84CDEC59212F57E000A76B5D /* Examples.swift in Sources */,
				84D9FD0A212BB0E40030F8AD /* MJCalendar-dummy.m in Sources */,
				843614792129185E00760765 /* EventLocationCell.swift in Sources */,
				843614812129A27800760765 /* GoingPeopleCollectionViewCell.swift in Sources */,
				843614A2212A43E000760765 /* TimePickerView.swift in Sources */,
				84361499212A0D1F00760765 /* AddressCell.swift in Sources */,
				8436149B212A191900760765 /* AllDayCell.swift in Sources */,
				84E07C1F212F0689000D6169 /* SampleData.swift in Sources */,
				84D9FD1A212BB1710030F8AD /* NSDate+Escort.m in Sources */,
				84202567212C656B0050B5C8 /* HostItemTableViewCell.swift in Sources */,
				843614912129F30A00760765 /* TitleCell.swift in Sources */,
				84E07A8C212E63F4000D6169 /* BaseViewController.swift in Sources */,
				8497F1CB2123DD9600C7AC7F /* SplashViewController.swift in Sources */,
				8436149D212A1F5100760765 /* StartsCell.swift in Sources */,
				843614AA212A71A200760765 /* DescriptionCell.swift in Sources */,
				8497F1C92123DD9600C7AC7F /* AppDelegate.swift in Sources */,
				84202607212CC9F50050B5C8 /* ChatViewController.swift in Sources */,
				84E07A83212E56A2000D6169 /* GroupsFriendsTableViewCell.swift in Sources */,
				840B51C1212DE37900071D43 /* JYBounceHeader.swift in Sources */,
				84D9FD32212BB59D0030F8AD /* PaddingLabel.swift in Sources */,
				84D9FCCD212B27D20030F8AD /* KARectCropCutterView.swift in Sources */,
				840B51D8212E334100071D43 /* FollowingViewController.swift in Sources */,
				84D9FCE3212B7FF80030F8AD /* RepeatViewController.swift in Sources */,
				84D9FCE9212B9E770030F8AD /* RepeatIntervalTableViewCell.swift in Sources */,
				8420255F212C48EC0050B5C8 /* RepeatMonthDaysViewController.swift in Sources */,
				84E07A8A212E63BD000D6169 /* AlertViewController.swift in Sources */,
				84D9FD2E212BB55B0030F8AD /* UIView+JMFrame.m in Sources */,
				84D9FCC1212B11FF0030F8AD /* MaybeViewController.swift in Sources */,
				84D9FCF1212BABC30030F8AD /* RepeatUntilViewController.swift in Sources */,
				843614832129A44C00760765 /* GoingPeopleTableViewCell.swift in Sources */,
				84E07A85212E56F5000D6169 /* GroupsSecondTableViewCell.swift in Sources */,
				8436147B21291F9100760765 /* MapTableViewCell.swift in Sources */,
				84202564212C59AC0050B5C8 /* AddHostsViewController.swift in Sources */,
				8436147F21299E4C00760765 /* EventDescriptionCell.swift in Sources */,
				843614872129BFE300760765 /* MoreItemCell.swift in Sources */,
				843614972129F4C000760765 /* TPKeyboardAvoidingSwift.swift in Sources */,
				84D9FD02212BB0E40030F8AD /* MJCalendarView.swift in Sources */,
				84D9FD2F212BB55B0030F8AD /* UIView+JMFrame-dummy.m in Sources */,
				84D9FD03212BB0E40030F8AD /* MJComponentView.swift in Sources */,
				840B51CA212E21F900071D43 /* KACircleCropCutterView.swift in Sources */,
				840B51D6212E334100071D43 /* GroupsViewController.swift in Sources */,
				84CDEC5B212F583400A76B5D /* DataSources.swift in Sources */,
				843614B0212AF6B400760765 /* AllowCell.swift in Sources */,
				843614B2212AF85600760765 /* SavebuttonCell.swift in Sources */,
				8436147D212999F400760765 /* HostedbyCell.swift in Sources */,
				84D9FD04212BB0E40030F8AD /* MJConfiguration.swift in Sources */,
				843614662128E02500760765 /* EventHostViewController.swift in Sources */,
				84D9FCBD212AFF700030F8AD /* GuestListContainerViewController.swift in Sources */,
				8436147521290AE300760765 /* GoingTableViewCell.swift in Sources */,
				8436146C2128FA0800760765 /* BMUIViewController.swift in Sources */,
				84D9FCC3212B120B0030F8AD /* NopeViewController.swift in Sources */,
				8436148D2129E15500760765 /* AddHeaderPhotoCell.swift in Sources */,
				84D9FCEF212BA7EC0030F8AD /* RepeatYearIntervalViewController.swift in Sources */,
				843614A5212A694300760765 /* RepeatCell.swift in Sources */,
				84D9FD08212BB0E40030F8AD /* MJWeekView.swift in Sources */,
				84D9FCED212BA6F70030F8AD /* RepeatMonthIntervalViewController.swift in Sources */,
				8420255C212C44900050B5C8 /* RepeatWeekDaysViewController.swift in Sources */,
			);
			runOnlyForDeploymentPostprocessing = 0;
		};
		8497F1D52123DDA000C7AC7F /* Sources */ = {
			isa = PBXSourcesBuildPhase;
			buildActionMask = 2147483647;
			files = (
				8497F1DE2123DDA000C7AC7F /* MiluTests.swift in Sources */,
			);
			runOnlyForDeploymentPostprocessing = 0;
		};
		8497F1E02123DDA000C7AC7F /* Sources */ = {
			isa = PBXSourcesBuildPhase;
			buildActionMask = 2147483647;
			files = (
				8497F1E92123DDA000C7AC7F /* MiluUITests.swift in Sources */,
			);
			runOnlyForDeploymentPostprocessing = 0;
		};
/* End PBXSourcesBuildPhase section */

/* Begin PBXTargetDependency section */
		8497F1DB2123DDA000C7AC7F /* PBXTargetDependency */ = {
			isa = PBXTargetDependency;
			target = 8497F1C42123DD9600C7AC7F /* Milu */;
			targetProxy = 8497F1DA2123DDA000C7AC7F /* PBXContainerItemProxy */;
		};
		8497F1E62123DDA000C7AC7F /* PBXTargetDependency */ = {
			isa = PBXTargetDependency;
			target = 8497F1C42123DD9600C7AC7F /* Milu */;
			targetProxy = 8497F1E52123DDA000C7AC7F /* PBXContainerItemProxy */;
		};
		84D9FCDD212B69810030F8AD /* PBXTargetDependency */ = {
			isa = PBXTargetDependency;
			name = KUIActionSheet;
			targetProxy = 84D9FCDC212B69810030F8AD /* PBXContainerItemProxy */;
		};
		84E07C1B212F0610000D6169 /* PBXTargetDependency */ = {
			isa = PBXTargetDependency;
			name = MessageKit;
			targetProxy = 84E07C1A212F0610000D6169 /* PBXContainerItemProxy */;
		};
/* End PBXTargetDependency section */

/* Begin PBXVariantGroup section */
		840B51B9212DD69500071D43 /* Profile.storyboard */ = {
			isa = PBXVariantGroup;
			children = (
				840B51BA212DD69500071D43 /* Base */,
			);
			name = Profile.storyboard;
			sourceTree = "<group>";
		};
		8497F1CC2123DD9600C7AC7F /* Main.storyboard */ = {
			isa = PBXVariantGroup;
			children = (
				8497F1CD2123DD9600C7AC7F /* Base */,
			);
			name = Main.storyboard;
			sourceTree = "<group>";
		};
		8497F1D12123DD9F00C7AC7F /* LaunchScreen.storyboard */ = {
			isa = PBXVariantGroup;
			children = (
				8497F1D22123DD9F00C7AC7F /* Base */,
			);
			name = LaunchScreen.storyboard;
			sourceTree = "<group>";
		};
/* End PBXVariantGroup section */

/* Begin XCBuildConfiguration section */
		8497F1EB2123DDA000C7AC7F /* Debug */ = {
			isa = XCBuildConfiguration;
			buildSettings = {
				ALWAYS_SEARCH_USER_PATHS = NO;
				CLANG_ANALYZER_NONNULL = YES;
				CLANG_ANALYZER_NUMBER_OBJECT_CONVERSION = YES_AGGRESSIVE;
				CLANG_CXX_LANGUAGE_STANDARD = "gnu++14";
				CLANG_CXX_LIBRARY = "libc++";
				CLANG_ENABLE_MODULES = YES;
				CLANG_ENABLE_OBJC_ARC = YES;
				CLANG_ENABLE_OBJC_WEAK = YES;
				CLANG_WARN_BLOCK_CAPTURE_AUTORELEASING = YES;
				CLANG_WARN_BOOL_CONVERSION = YES;
				CLANG_WARN_COMMA = YES;
				CLANG_WARN_CONSTANT_CONVERSION = YES;
				CLANG_WARN_DEPRECATED_OBJC_IMPLEMENTATIONS = YES;
				CLANG_WARN_DIRECT_OBJC_ISA_USAGE = YES_ERROR;
				CLANG_WARN_DOCUMENTATION_COMMENTS = YES;
				CLANG_WARN_EMPTY_BODY = YES;
				CLANG_WARN_ENUM_CONVERSION = YES;
				CLANG_WARN_INFINITE_RECURSION = YES;
				CLANG_WARN_INT_CONVERSION = YES;
				CLANG_WARN_NON_LITERAL_NULL_CONVERSION = YES;
				CLANG_WARN_OBJC_IMPLICIT_RETAIN_SELF = YES;
				CLANG_WARN_OBJC_LITERAL_CONVERSION = YES;
				CLANG_WARN_OBJC_ROOT_CLASS = YES_ERROR;
				CLANG_WARN_RANGE_LOOP_ANALYSIS = YES;
				CLANG_WARN_STRICT_PROTOTYPES = YES;
				CLANG_WARN_SUSPICIOUS_MOVE = YES;
				CLANG_WARN_UNGUARDED_AVAILABILITY = YES_AGGRESSIVE;
				CLANG_WARN_UNREACHABLE_CODE = YES;
				CLANG_WARN__DUPLICATE_METHOD_MATCH = YES;
				CODE_SIGN_IDENTITY = "iPhone Developer";
				COPY_PHASE_STRIP = NO;
				DEBUG_INFORMATION_FORMAT = dwarf;
				ENABLE_STRICT_OBJC_MSGSEND = YES;
				ENABLE_TESTABILITY = YES;
				GCC_C_LANGUAGE_STANDARD = gnu11;
				GCC_DYNAMIC_NO_PIC = NO;
				GCC_NO_COMMON_BLOCKS = YES;
				GCC_OPTIMIZATION_LEVEL = 0;
				GCC_PREPROCESSOR_DEFINITIONS = (
					"DEBUG=1",
					"$(inherited)",
				);
				GCC_WARN_64_TO_32_BIT_CONVERSION = YES;
				GCC_WARN_ABOUT_RETURN_TYPE = YES_ERROR;
				GCC_WARN_UNDECLARED_SELECTOR = YES;
				GCC_WARN_UNINITIALIZED_AUTOS = YES_AGGRESSIVE;
				GCC_WARN_UNUSED_FUNCTION = YES;
				GCC_WARN_UNUSED_VARIABLE = YES;
				IPHONEOS_DEPLOYMENT_TARGET = 11.4;
				MTL_ENABLE_DEBUG_INFO = YES;
				ONLY_ACTIVE_ARCH = YES;
				SDKROOT = iphoneos;
				SWIFT_ACTIVE_COMPILATION_CONDITIONS = DEBUG;
				SWIFT_OPTIMIZATION_LEVEL = "-Onone";
			};
			name = Debug;
		};
		8497F1EC2123DDA000C7AC7F /* Release */ = {
			isa = XCBuildConfiguration;
			buildSettings = {
				ALWAYS_SEARCH_USER_PATHS = NO;
				CLANG_ANALYZER_NONNULL = YES;
				CLANG_ANALYZER_NUMBER_OBJECT_CONVERSION = YES_AGGRESSIVE;
				CLANG_CXX_LANGUAGE_STANDARD = "gnu++14";
				CLANG_CXX_LIBRARY = "libc++";
				CLANG_ENABLE_MODULES = YES;
				CLANG_ENABLE_OBJC_ARC = YES;
				CLANG_ENABLE_OBJC_WEAK = YES;
				CLANG_WARN_BLOCK_CAPTURE_AUTORELEASING = YES;
				CLANG_WARN_BOOL_CONVERSION = YES;
				CLANG_WARN_COMMA = YES;
				CLANG_WARN_CONSTANT_CONVERSION = YES;
				CLANG_WARN_DEPRECATED_OBJC_IMPLEMENTATIONS = YES;
				CLANG_WARN_DIRECT_OBJC_ISA_USAGE = YES_ERROR;
				CLANG_WARN_DOCUMENTATION_COMMENTS = YES;
				CLANG_WARN_EMPTY_BODY = YES;
				CLANG_WARN_ENUM_CONVERSION = YES;
				CLANG_WARN_INFINITE_RECURSION = YES;
				CLANG_WARN_INT_CONVERSION = YES;
				CLANG_WARN_NON_LITERAL_NULL_CONVERSION = YES;
				CLANG_WARN_OBJC_IMPLICIT_RETAIN_SELF = YES;
				CLANG_WARN_OBJC_LITERAL_CONVERSION = YES;
				CLANG_WARN_OBJC_ROOT_CLASS = YES_ERROR;
				CLANG_WARN_RANGE_LOOP_ANALYSIS = YES;
				CLANG_WARN_STRICT_PROTOTYPES = YES;
				CLANG_WARN_SUSPICIOUS_MOVE = YES;
				CLANG_WARN_UNGUARDED_AVAILABILITY = YES_AGGRESSIVE;
				CLANG_WARN_UNREACHABLE_CODE = YES;
				CLANG_WARN__DUPLICATE_METHOD_MATCH = YES;
				CODE_SIGN_IDENTITY = "iPhone Developer";
				COPY_PHASE_STRIP = NO;
				DEBUG_INFORMATION_FORMAT = "dwarf-with-dsym";
				ENABLE_NS_ASSERTIONS = NO;
				ENABLE_STRICT_OBJC_MSGSEND = YES;
				GCC_C_LANGUAGE_STANDARD = gnu11;
				GCC_NO_COMMON_BLOCKS = YES;
				GCC_WARN_64_TO_32_BIT_CONVERSION = YES;
				GCC_WARN_ABOUT_RETURN_TYPE = YES_ERROR;
				GCC_WARN_UNDECLARED_SELECTOR = YES;
				GCC_WARN_UNINITIALIZED_AUTOS = YES_AGGRESSIVE;
				GCC_WARN_UNUSED_FUNCTION = YES;
				GCC_WARN_UNUSED_VARIABLE = YES;
				IPHONEOS_DEPLOYMENT_TARGET = 11.4;
				MTL_ENABLE_DEBUG_INFO = NO;
				SDKROOT = iphoneos;
				SWIFT_COMPILATION_MODE = wholemodule;
				SWIFT_OPTIMIZATION_LEVEL = "-O";
				VALIDATE_PRODUCT = YES;
			};
			name = Release;
		};
		8497F1EE2123DDA000C7AC7F /* Debug */ = {
			isa = XCBuildConfiguration;
			baseConfigurationReference = B5F64C43BEC82119A775A76D /* Pods-Milu.debug.xcconfig */;
			buildSettings = {
				ALWAYS_EMBED_SWIFT_STANDARD_LIBRARIES = YES;
				ASSETCATALOG_COMPILER_APPICON_NAME = AppIcon;
				CODE_SIGN_STYLE = Automatic;
				DEVELOPMENT_TEAM = 89L79W5YZ6;
				INFOPLIST_FILE = Milu/Info.plist;
				LD_RUNPATH_SEARCH_PATHS = (
					"$(inherited)",
					"@executable_path/Frameworks",
				);
				PRODUCT_BUNDLE_IDENTIFIER = com.clio.Milu;
				PRODUCT_NAME = "$(TARGET_NAME)";
				SWIFT_OBJC_BRIDGING_HEADER = "Milu-Bridging-Header.h";
				SWIFT_VERSION = 4.0;
				TARGETED_DEVICE_FAMILY = "1,2";
			};
			name = Debug;
		};
		8497F1EF2123DDA000C7AC7F /* Release */ = {
			isa = XCBuildConfiguration;
			baseConfigurationReference = A9E59AF38BAAA338CA2BE0DA /* Pods-Milu.release.xcconfig */;
			buildSettings = {
				ALWAYS_EMBED_SWIFT_STANDARD_LIBRARIES = YES;
				ASSETCATALOG_COMPILER_APPICON_NAME = AppIcon;
				CODE_SIGN_STYLE = Automatic;
				DEVELOPMENT_TEAM = 89L79W5YZ6;
				INFOPLIST_FILE = Milu/Info.plist;
				LD_RUNPATH_SEARCH_PATHS = (
					"$(inherited)",
					"@executable_path/Frameworks",
				);
				PRODUCT_BUNDLE_IDENTIFIER = com.clio.Milu;
				PRODUCT_NAME = "$(TARGET_NAME)";
				SWIFT_OBJC_BRIDGING_HEADER = "Milu-Bridging-Header.h";
				SWIFT_VERSION = 4.0;
				TARGETED_DEVICE_FAMILY = "1,2";
			};
			name = Release;
		};
		8497F1F12123DDA000C7AC7F /* Debug */ = {
			isa = XCBuildConfiguration;
			buildSettings = {
				ALWAYS_EMBED_SWIFT_STANDARD_LIBRARIES = YES;
				BUNDLE_LOADER = "$(TEST_HOST)";
				CODE_SIGN_STYLE = Automatic;
				INFOPLIST_FILE = MiluTests/Info.plist;
				LD_RUNPATH_SEARCH_PATHS = (
					"$(inherited)",
					"@executable_path/Frameworks",
					"@loader_path/Frameworks",
				);
				PRODUCT_BUNDLE_IDENTIFIER = com.clio.MiluTests;
				PRODUCT_NAME = "$(TARGET_NAME)";
				SWIFT_VERSION = 4.0;
				TARGETED_DEVICE_FAMILY = "1,2";
				TEST_HOST = "$(BUILT_PRODUCTS_DIR)/Milu.app/Milu";
			};
			name = Debug;
		};
		8497F1F22123DDA000C7AC7F /* Release */ = {
			isa = XCBuildConfiguration;
			buildSettings = {
				ALWAYS_EMBED_SWIFT_STANDARD_LIBRARIES = YES;
				BUNDLE_LOADER = "$(TEST_HOST)";
				CODE_SIGN_STYLE = Automatic;
				INFOPLIST_FILE = MiluTests/Info.plist;
				LD_RUNPATH_SEARCH_PATHS = (
					"$(inherited)",
					"@executable_path/Frameworks",
					"@loader_path/Frameworks",
				);
				PRODUCT_BUNDLE_IDENTIFIER = com.clio.MiluTests;
				PRODUCT_NAME = "$(TARGET_NAME)";
				SWIFT_VERSION = 4.0;
				TARGETED_DEVICE_FAMILY = "1,2";
				TEST_HOST = "$(BUILT_PRODUCTS_DIR)/Milu.app/Milu";
			};
			name = Release;
		};
		8497F1F42123DDA000C7AC7F /* Debug */ = {
			isa = XCBuildConfiguration;
			buildSettings = {
				ALWAYS_EMBED_SWIFT_STANDARD_LIBRARIES = YES;
				CODE_SIGN_STYLE = Automatic;
				INFOPLIST_FILE = MiluUITests/Info.plist;
				LD_RUNPATH_SEARCH_PATHS = (
					"$(inherited)",
					"@executable_path/Frameworks",
					"@loader_path/Frameworks",
				);
				PRODUCT_BUNDLE_IDENTIFIER = com.clio.MiluUITests;
				PRODUCT_NAME = "$(TARGET_NAME)";
				SWIFT_VERSION = 4.0;
				TARGETED_DEVICE_FAMILY = "1,2";
				TEST_TARGET_NAME = Milu;
			};
			name = Debug;
		};
		8497F1F52123DDA000C7AC7F /* Release */ = {
			isa = XCBuildConfiguration;
			buildSettings = {
				ALWAYS_EMBED_SWIFT_STANDARD_LIBRARIES = YES;
				CODE_SIGN_STYLE = Automatic;
				INFOPLIST_FILE = MiluUITests/Info.plist;
				LD_RUNPATH_SEARCH_PATHS = (
					"$(inherited)",
					"@executable_path/Frameworks",
					"@loader_path/Frameworks",
				);
				PRODUCT_BUNDLE_IDENTIFIER = com.clio.MiluUITests;
				PRODUCT_NAME = "$(TARGET_NAME)";
				SWIFT_VERSION = 4.0;
				TARGETED_DEVICE_FAMILY = "1,2";
				TEST_TARGET_NAME = Milu;
			};
			name = Release;
		};
/* End XCBuildConfiguration section */

/* Begin XCConfigurationList section */
		8497F1C02123DD9600C7AC7F /* Build configuration list for PBXProject "Milu" */ = {
			isa = XCConfigurationList;
			buildConfigurations = (
				8497F1EB2123DDA000C7AC7F /* Debug */,
				8497F1EC2123DDA000C7AC7F /* Release */,
			);
			defaultConfigurationIsVisible = 0;
			defaultConfigurationName = Release;
		};
		8497F1ED2123DDA000C7AC7F /* Build configuration list for PBXNativeTarget "Milu" */ = {
			isa = XCConfigurationList;
			buildConfigurations = (
				8497F1EE2123DDA000C7AC7F /* Debug */,
				8497F1EF2123DDA000C7AC7F /* Release */,
			);
			defaultConfigurationIsVisible = 0;
			defaultConfigurationName = Release;
		};
		8497F1F02123DDA000C7AC7F /* Build configuration list for PBXNativeTarget "MiluTests" */ = {
			isa = XCConfigurationList;
			buildConfigurations = (
				8497F1F12123DDA000C7AC7F /* Debug */,
				8497F1F22123DDA000C7AC7F /* Release */,
			);
			defaultConfigurationIsVisible = 0;
			defaultConfigurationName = Release;
		};
		8497F1F32123DDA000C7AC7F /* Build configuration list for PBXNativeTarget "MiluUITests" */ = {
			isa = XCConfigurationList;
			buildConfigurations = (
				8497F1F42123DDA000C7AC7F /* Debug */,
				8497F1F52123DDA000C7AC7F /* Release */,
			);
			defaultConfigurationIsVisible = 0;
			defaultConfigurationName = Release;
		};
/* End XCConfigurationList section */
	};
	rootObject = 8497F1BD2123DD9600C7AC7F /* Project object */;
}
